// !$*UTF8*$!
{
	archiveVersion = 1;
	classes = {
	};
	objectVersion = 46;
	objects = {

/* Begin PBXBuildFile section */
		1D3623260D0F684500981E51 /* AppDelegate.m in Sources */ = {isa = PBXBuildFile; fileRef = 1D3623250D0F684500981E51 /* AppDelegate.m */; };
		1D60589B0D05DD56006BFB54 /* main.m in Sources */ = {isa = PBXBuildFile; fileRef = 29B97316FDCFA39411CA2CEA /* main.m */; };
		1D60589F0D05DD5A006BFB54 /* Foundation.framework in Frameworks */ = {isa = PBXBuildFile; fileRef = 1D30AB110D05D00D00671497 /* Foundation.framework */; };
		1DF5F4E00D08C38300B7A737 /* UIKit.framework in Frameworks */ = {isa = PBXBuildFile; fileRef = 1DF5F4DF0D08C38300B7A737 /* UIKit.framework */; settings = {ATTRIBUTES = (Weak, ); }; };
		1F766FE113BBADB100FB74C0 /* Localizable.strings in Resources */ = {isa = PBXBuildFile; fileRef = 1F766FDC13BBADB100FB74C0 /* Localizable.strings */; };
		1F766FE213BBADB100FB74C0 /* Localizable.strings in Resources */ = {isa = PBXBuildFile; fileRef = 1F766FDF13BBADB100FB74C0 /* Localizable.strings */; };
		288765FD0DF74451002DB57D /* CoreGraphics.framework in Frameworks */ = {isa = PBXBuildFile; fileRef = 288765FC0DF74451002DB57D /* CoreGraphics.framework */; };
		301BF552109A68D80062928A /* libCordova.a in Frameworks */ = {isa = PBXBuildFile; fileRef = 301BF535109A57CC0062928A /* libCordova.a */; };
		301BF5B5109A6A2B0062928A /* AddressBook.framework in Frameworks */ = {isa = PBXBuildFile; fileRef = 301BF5B4109A6A2B0062928A /* AddressBook.framework */; };
		301BF5B7109A6A2B0062928A /* AddressBookUI.framework in Frameworks */ = {isa = PBXBuildFile; fileRef = 301BF5B6109A6A2B0062928A /* AddressBookUI.framework */; };
		301BF5B9109A6A2B0062928A /* AudioToolbox.framework in Frameworks */ = {isa = PBXBuildFile; fileRef = 301BF5B8109A6A2B0062928A /* AudioToolbox.framework */; };
		301BF5BB109A6A2B0062928A /* AVFoundation.framework in Frameworks */ = {isa = PBXBuildFile; fileRef = 301BF5BA109A6A2B0062928A /* AVFoundation.framework */; settings = {ATTRIBUTES = (Weak, ); }; };
		301BF5BD109A6A2B0062928A /* CFNetwork.framework in Frameworks */ = {isa = PBXBuildFile; fileRef = 301BF5BC109A6A2B0062928A /* CFNetwork.framework */; };
		301BF5BF109A6A2B0062928A /* CoreLocation.framework in Frameworks */ = {isa = PBXBuildFile; fileRef = 301BF5BE109A6A2B0062928A /* CoreLocation.framework */; };
		301BF5C1109A6A2B0062928A /* MediaPlayer.framework in Frameworks */ = {isa = PBXBuildFile; fileRef = 301BF5C0109A6A2B0062928A /* MediaPlayer.framework */; };
		301BF5C3109A6A2B0062928A /* QuartzCore.framework in Frameworks */ = {isa = PBXBuildFile; fileRef = 301BF5C2109A6A2B0062928A /* QuartzCore.framework */; };
		301BF5C5109A6A2B0062928A /* SystemConfiguration.framework in Frameworks */ = {isa = PBXBuildFile; fileRef = 301BF5C4109A6A2B0062928A /* SystemConfiguration.framework */; };
		302D95F114D2391D003F00A1 /* MainViewController.m in Sources */ = {isa = PBXBuildFile; fileRef = 302D95EF14D2391D003F00A1 /* MainViewController.m */; };
		302D95F214D2391D003F00A1 /* MainViewController.xib in Resources */ = {isa = PBXBuildFile; fileRef = 302D95F014D2391D003F00A1 /* MainViewController.xib */; };
		305D5FD1115AB8F900A74A75 /* MobileCoreServices.framework in Frameworks */ = {isa = PBXBuildFile; fileRef = 305D5FD0115AB8F900A74A75 /* MobileCoreServices.framework */; };
		3072F99713A8081B00425683 /* Capture.bundle in Resources */ = {isa = PBXBuildFile; fileRef = 3072F99613A8081B00425683 /* Capture.bundle */; };
		3088BBBD154F3926009F9C59 /* Default-Landscape@2x~ipad.png in Resources */ = {isa = PBXBuildFile; fileRef = 3088BBB7154F3926009F9C59 /* Default-Landscape@2x~ipad.png */; };
		3088BBBE154F3926009F9C59 /* Default-Landscape~ipad.png in Resources */ = {isa = PBXBuildFile; fileRef = 3088BBB8154F3926009F9C59 /* Default-Landscape~ipad.png */; };
		3088BBBF154F3926009F9C59 /* Default-Portrait@2x~ipad.png in Resources */ = {isa = PBXBuildFile; fileRef = 3088BBB9154F3926009F9C59 /* Default-Portrait@2x~ipad.png */; };
		3088BBC0154F3926009F9C59 /* Default-Portrait~ipad.png in Resources */ = {isa = PBXBuildFile; fileRef = 3088BBBA154F3926009F9C59 /* Default-Portrait~ipad.png */; };
		3088BBC1154F3926009F9C59 /* Default@2x~iphone.png in Resources */ = {isa = PBXBuildFile; fileRef = 3088BBBB154F3926009F9C59 /* Default@2x~iphone.png */; };
		3088BBC2154F3926009F9C59 /* Default~iphone.png in Resources */ = {isa = PBXBuildFile; fileRef = 3088BBBC154F3926009F9C59 /* Default~iphone.png */; };
		308D05371370CCF300D202BF /* icon-72.png in Resources */ = {isa = PBXBuildFile; fileRef = 308D052E1370CCF300D202BF /* icon-72.png */; };
		308D05381370CCF300D202BF /* icon.png in Resources */ = {isa = PBXBuildFile; fileRef = 308D052F1370CCF300D202BF /* icon.png */; };
		308D05391370CCF300D202BF /* icon@2x.png in Resources */ = {isa = PBXBuildFile; fileRef = 308D05301370CCF300D202BF /* icon@2x.png */; };
		30A0434814DC770100060A13 /* Localizable.strings in Resources */ = {isa = PBXBuildFile; fileRef = 30A0434314DC770100060A13 /* Localizable.strings */; };
		30A0434914DC770100060A13 /* Localizable.strings in Resources */ = {isa = PBXBuildFile; fileRef = 30A0434614DC770100060A13 /* Localizable.strings */; };
		30E5649213A7FCAF007403D8 /* CoreMedia.framework in Frameworks */ = {isa = PBXBuildFile; fileRef = 30E5649113A7FCAF007403D8 /* CoreMedia.framework */; settings = {ATTRIBUTES = (Weak, ); }; };
		30FC414916E50CA1004E6F35 /* icon-72@2x.png in Resources */ = {isa = PBXBuildFile; fileRef = 30FC414816E50CA1004E6F35 /* icon-72@2x.png */; };
		3F0AB99417227D4600C1B02F /* FacebookSDK.framework in Frameworks */ = {isa = PBXBuildFile; fileRef = 3F0AB99317227D4600C1B02F /* FacebookSDK.framework */; };
		3F0AB99617227DA400C1B02F /* FacebookSDKResources.bundle in Resources */ = {isa = PBXBuildFile; fileRef = 3F0AB99517227DA400C1B02F /* FacebookSDKResources.bundle */; };
		3F0AB9CA17227F2000C1B02F /* FacebookConnectPlugin.m in Sources */ = {isa = PBXBuildFile; fileRef = 3F0AB9C917227F2000C1B02F /* FacebookConnectPlugin.m */; };
		3F0AB9D01722847D00C1B02F /* AdSupport.framework in Frameworks */ = {isa = PBXBuildFile; fileRef = 3F0AB9CF1722847D00C1B02F /* AdSupport.framework */; };
		3F0AB9D21722848100C1B02F /* Accounts.framework in Frameworks */ = {isa = PBXBuildFile; fileRef = 3F0AB9D11722848100C1B02F /* Accounts.framework */; };
		3F0AB9D41722848800C1B02F /* Social.framework in Frameworks */ = {isa = PBXBuildFile; fileRef = 3F0AB9D31722848800C1B02F /* Social.framework */; };
		3F0ABA5F172286ED00C1B02F /* Facebook.m in Sources */ = {isa = PBXBuildFile; fileRef = 3F0ABA01172286EC00C1B02F /* Facebook.m */; };
		3F0ABA60172286ED00C1B02F /* FBCacheDescriptor.m in Sources */ = {isa = PBXBuildFile; fileRef = 3F0ABA04172286EC00C1B02F /* FBCacheDescriptor.m */; };
		3F0ABA61172286ED00C1B02F /* FBCacheIndex.m in Sources */ = {isa = PBXBuildFile; fileRef = 3F0ABA06172286EC00C1B02F /* FBCacheIndex.m */; };
		3F0ABA62172286ED00C1B02F /* FBContentLink.m in Sources */ = {isa = PBXBuildFile; fileRef = 3F0ABA09172286EC00C1B02F /* FBContentLink.m */; };
		3F0ABA63172286ED00C1B02F /* FBDataDiskCache.m in Sources */ = {isa = PBXBuildFile; fileRef = 3F0ABA0B172286EC00C1B02F /* FBDataDiskCache.m */; };
		3F0ABA64172286ED00C1B02F /* FBDialog.m in Sources */ = {isa = PBXBuildFile; fileRef = 3F0ABA0D172286EC00C1B02F /* FBDialog.m */; };
		3F0ABA65172286ED00C1B02F /* FBError.m in Sources */ = {isa = PBXBuildFile; fileRef = 3F0ABA0F172286EC00C1B02F /* FBError.m */; };
		3F0ABA66172286ED00C1B02F /* FBFrictionlessRequestSettings.m in Sources */ = {isa = PBXBuildFile; fileRef = 3F0ABA11172286EC00C1B02F /* FBFrictionlessRequestSettings.m */; };
		3F0ABA67172286ED00C1B02F /* FBFriendPickerCacheDescriptor.m in Sources */ = {isa = PBXBuildFile; fileRef = 3F0ABA13172286EC00C1B02F /* FBFriendPickerCacheDescriptor.m */; };
		3F0ABA68172286ED00C1B02F /* FBFriendPickerViewController.m in Sources */ = {isa = PBXBuildFile; fileRef = 3F0ABA16172286EC00C1B02F /* FBFriendPickerViewController.m */; };
		3F0ABA69172286ED00C1B02F /* FBGraphObject.m in Sources */ = {isa = PBXBuildFile; fileRef = 3F0ABA19172286EC00C1B02F /* FBGraphObject.m */; };
		3F0ABA6A172286ED00C1B02F /* FBGraphObjectPagingLoader.m in Sources */ = {isa = PBXBuildFile; fileRef = 3F0ABA1B172286EC00C1B02F /* FBGraphObjectPagingLoader.m */; };
		3F0ABA6B172286ED00C1B02F /* FBGraphObjectTableCell.m in Sources */ = {isa = PBXBuildFile; fileRef = 3F0ABA1D172286EC00C1B02F /* FBGraphObjectTableCell.m */; };
		3F0ABA6C172286ED00C1B02F /* FBGraphObjectTableDataSource.m in Sources */ = {isa = PBXBuildFile; fileRef = 3F0ABA1F172286EC00C1B02F /* FBGraphObjectTableDataSource.m */; };
		3F0ABA6D172286ED00C1B02F /* FBGraphObjectTableSelection.m in Sources */ = {isa = PBXBuildFile; fileRef = 3F0ABA21172286EC00C1B02F /* FBGraphObjectTableSelection.m */; };
		3F0ABA6E172286ED00C1B02F /* FBLogger.m in Sources */ = {isa = PBXBuildFile; fileRef = 3F0ABA25172286EC00C1B02F /* FBLogger.m */; };
		3F0ABA6F172286ED00C1B02F /* FBLoginDialog.m in Sources */ = {isa = PBXBuildFile; fileRef = 3F0ABA27172286EC00C1B02F /* FBLoginDialog.m */; };
		3F0ABA70172286ED00C1B02F /* FBLoginView.m in Sources */ = {isa = PBXBuildFile; fileRef = 3F0ABA29172286EC00C1B02F /* FBLoginView.m */; };
		3F0ABA71172286ED00C1B02F /* FBNativeDialogs.m in Sources */ = {isa = PBXBuildFile; fileRef = 3F0ABA2B172286EC00C1B02F /* FBNativeDialogs.m */; };
		3F0ABA72172286ED00C1B02F /* FBPlacePickerCacheDescriptor.m in Sources */ = {isa = PBXBuildFile; fileRef = 3F0ABA2E172286EC00C1B02F /* FBPlacePickerCacheDescriptor.m */; };
		3F0ABA73172286ED00C1B02F /* FBPlacePickerViewController.m in Sources */ = {isa = PBXBuildFile; fileRef = 3F0ABA31172286EC00C1B02F /* FBPlacePickerViewController.m */; };
		3F0ABA74172286ED00C1B02F /* FBProfilePictureView.m in Sources */ = {isa = PBXBuildFile; fileRef = 3F0ABA33172286EC00C1B02F /* FBProfilePictureView.m */; };
		3F0ABA75172286ED00C1B02F /* FBRequest.m in Sources */ = {isa = PBXBuildFile; fileRef = 3F0ABA35172286EC00C1B02F /* FBRequest.m */; };
		3F0ABA76172286ED00C1B02F /* FBRequestBody.m in Sources */ = {isa = PBXBuildFile; fileRef = 3F0ABA37172286EC00C1B02F /* FBRequestBody.m */; };
		3F0ABA77172286ED00C1B02F /* FBRequestConnection.m in Sources */ = {isa = PBXBuildFile; fileRef = 3F0ABA3A172286EC00C1B02F /* FBRequestConnection.m */; };
		3F0ABA78172286ED00C1B02F /* FBSession.m in Sources */ = {isa = PBXBuildFile; fileRef = 3F0ABA3F172286EC00C1B02F /* FBSession.m */; };
		3F0ABA79172286ED00C1B02F /* FBSessionManualTokenCachingStrategy.m in Sources */ = {isa = PBXBuildFile; fileRef = 3F0ABA41172286EC00C1B02F /* FBSessionManualTokenCachingStrategy.m */; };
		3F0ABA7A172286ED00C1B02F /* FBSessionTokenCachingStrategy.m in Sources */ = {isa = PBXBuildFile; fileRef = 3F0ABA43172286EC00C1B02F /* FBSessionTokenCachingStrategy.m */; };
		3F0ABA7B172286ED00C1B02F /* FBSettings.m in Sources */ = {isa = PBXBuildFile; fileRef = 3F0ABA46172286EC00C1B02F /* FBSettings.m */; };
		3F0ABA7C172286ED00C1B02F /* FBTestSession.m in Sources */ = {isa = PBXBuildFile; fileRef = 3F0ABA49172286EC00C1B02F /* FBTestSession.m */; };
		3F0ABA7D172286ED00C1B02F /* FBURLConnection.m in Sources */ = {isa = PBXBuildFile; fileRef = 3F0ABA4B172286ED00C1B02F /* FBURLConnection.m */; };
		3F0ABA7E172286ED00C1B02F /* FBUserSettingsViewController.m in Sources */ = {isa = PBXBuildFile; fileRef = 3F0ABA4D172286ED00C1B02F /* FBUserSettingsViewController.m */; };
		3F0ABA7F172286ED00C1B02F /* FBUtility.m in Sources */ = {isa = PBXBuildFile; fileRef = 3F0ABA4F172286ED00C1B02F /* FBUtility.m */; };
		3F0ABA80172286ED00C1B02F /* FBViewController.m in Sources */ = {isa = PBXBuildFile; fileRef = 3F0ABA52172286ED00C1B02F /* FBViewController.m */; };
		3F0ABA81172286ED00C1B02F /* FBSBJSON.m in Sources */ = {isa = PBXBuildFile; fileRef = 3F0ABA55172286ED00C1B02F /* FBSBJSON.m */; };
		3F0ABA82172286ED00C1B02F /* FBSBJsonBase.m in Sources */ = {isa = PBXBuildFile; fileRef = 3F0ABA57172286ED00C1B02F /* FBSBJsonBase.m */; };
		3F0ABA83172286ED00C1B02F /* FBSBJsonParser.m in Sources */ = {isa = PBXBuildFile; fileRef = 3F0ABA59172286ED00C1B02F /* FBSBJsonParser.m */; };
		3F0ABA84172286ED00C1B02F /* FBSBJsonWriter.m in Sources */ = {isa = PBXBuildFile; fileRef = 3F0ABA5B172286ED00C1B02F /* FBSBJsonWriter.m */; };
		3F0ABA85172286ED00C1B02F /* FacebookSDKResources.bundle in Resources */ = {isa = PBXBuildFile; fileRef = 3F0ABA5D172286ED00C1B02F /* FacebookSDKResources.bundle */; };
		3F0ABA86172286ED00C1B02F /* FBUserSettingsViewResources.bundle in Resources */ = {isa = PBXBuildFile; fileRef = 3F0ABA5E172286ED00C1B02F /* FBUserSettingsViewResources.bundle */; };
		3F0ABA881722876D00C1B02F /* Security.framework in Frameworks */ = {isa = PBXBuildFile; fileRef = 3F0ABA871722876D00C1B02F /* Security.framework */; };
		3F0ABA8D172288AD00C1B02F /* libsqlite3.dylib in Frameworks */ = {isa = PBXBuildFile; fileRef = 3F0ABA891722877C00C1B02F /* libsqlite3.dylib */; };
		3F0ABA9017228B9700C1B02F /* FacebookConnectPlugin.h in Sources */ = {isa = PBXBuildFile; fileRef = 3F0AB9C817227F2000C1B02F /* FacebookConnectPlugin.h */; };
		5B1594DD16A7569C00FEF299 /* AssetsLibrary.framework in Frameworks */ = {isa = PBXBuildFile; fileRef = 5B1594DC16A7569C00FEF299 /* AssetsLibrary.framework */; };
		D4A0D8761607E02300AEF8BB /* Default-568h@2x~iphone.png in Resources */ = {isa = PBXBuildFile; fileRef = D4A0D8751607E02300AEF8BB /* Default-568h@2x~iphone.png */; };
		F840E1F1165FE0F500CFE078 /* config.xml in Resources */ = {isa = PBXBuildFile; fileRef = F840E1F0165FE0F500CFE078 /* config.xml */; };
/* End PBXBuildFile section */

/* Begin PBXContainerItemProxy section */
		301BF534109A57CC0062928A /* PBXContainerItemProxy */ = {
			isa = PBXContainerItemProxy;
			containerPortal = 301BF52D109A57CC0062928A /* CordovaLib.xcodeproj */;
			proxyType = 2;
			remoteGlobalIDString = D2AAC07E0554694100DB518D;
			remoteInfo = CordovaLib;
		};
		301BF550109A68C00062928A /* PBXContainerItemProxy */ = {
			isa = PBXContainerItemProxy;
			containerPortal = 301BF52D109A57CC0062928A /* CordovaLib.xcodeproj */;
			proxyType = 1;
			remoteGlobalIDString = D2AAC07D0554694100DB518D;
			remoteInfo = CordovaLib;
		};
/* End PBXContainerItemProxy section */

/* Begin PBXFileReference section */
		1D30AB110D05D00D00671497 /* Foundation.framework */ = {isa = PBXFileReference; lastKnownFileType = wrapper.framework; name = Foundation.framework; path = System/Library/Frameworks/Foundation.framework; sourceTree = SDKROOT; };
		1D3623240D0F684500981E51 /* AppDelegate.h */ = {isa = PBXFileReference; fileEncoding = 4; lastKnownFileType = sourcecode.c.h; path = AppDelegate.h; sourceTree = "<group>"; };
		1D3623250D0F684500981E51 /* AppDelegate.m */ = {isa = PBXFileReference; fileEncoding = 4; lastKnownFileType = sourcecode.c.objc; path = AppDelegate.m; sourceTree = "<group>"; };
		1D6058910D05DD3D006BFB54 /* semanticweb.app */ = {isa = PBXFileReference; explicitFileType = wrapper.application; includeInIndex = 0; path = semanticweb.app; sourceTree = BUILT_PRODUCTS_DIR; };
		1DF5F4DF0D08C38300B7A737 /* UIKit.framework */ = {isa = PBXFileReference; lastKnownFileType = wrapper.framework; name = UIKit.framework; path = System/Library/Frameworks/UIKit.framework; sourceTree = SDKROOT; };
		1F766FDD13BBADB100FB74C0 /* en */ = {isa = PBXFileReference; lastKnownFileType = text.plist.strings; name = en; path = Localizable.strings; sourceTree = "<group>"; };
		1F766FE013BBADB100FB74C0 /* es */ = {isa = PBXFileReference; lastKnownFileType = text.plist.strings; name = es; path = Localizable.strings; sourceTree = "<group>"; };
		288765FC0DF74451002DB57D /* CoreGraphics.framework */ = {isa = PBXFileReference; lastKnownFileType = wrapper.framework; name = CoreGraphics.framework; path = System/Library/Frameworks/CoreGraphics.framework; sourceTree = SDKROOT; };
		29B97316FDCFA39411CA2CEA /* main.m */ = {isa = PBXFileReference; fileEncoding = 4; lastKnownFileType = sourcecode.c.objc; path = main.m; sourceTree = "<group>"; };
		301BF52D109A57CC0062928A /* CordovaLib.xcodeproj */ = {isa = PBXFileReference; lastKnownFileType = "wrapper.pb-project"; name = CordovaLib.xcodeproj; path = CordovaLib/CordovaLib.xcodeproj; sourceTree = "<group>"; };
		301BF56E109A69640062928A /* www */ = {isa = PBXFileReference; lastKnownFileType = folder; path = www; sourceTree = SOURCE_ROOT; };
		301BF5B4109A6A2B0062928A /* AddressBook.framework */ = {isa = PBXFileReference; lastKnownFileType = wrapper.framework; name = AddressBook.framework; path = System/Library/Frameworks/AddressBook.framework; sourceTree = SDKROOT; };
		301BF5B6109A6A2B0062928A /* AddressBookUI.framework */ = {isa = PBXFileReference; lastKnownFileType = wrapper.framework; name = AddressBookUI.framework; path = System/Library/Frameworks/AddressBookUI.framework; sourceTree = SDKROOT; };
		301BF5B8109A6A2B0062928A /* AudioToolbox.framework */ = {isa = PBXFileReference; lastKnownFileType = wrapper.framework; name = AudioToolbox.framework; path = System/Library/Frameworks/AudioToolbox.framework; sourceTree = SDKROOT; };
		301BF5BA109A6A2B0062928A /* AVFoundation.framework */ = {isa = PBXFileReference; lastKnownFileType = wrapper.framework; name = AVFoundation.framework; path = System/Library/Frameworks/AVFoundation.framework; sourceTree = SDKROOT; };
		301BF5BC109A6A2B0062928A /* CFNetwork.framework */ = {isa = PBXFileReference; lastKnownFileType = wrapper.framework; name = CFNetwork.framework; path = System/Library/Frameworks/CFNetwork.framework; sourceTree = SDKROOT; };
		301BF5BE109A6A2B0062928A /* CoreLocation.framework */ = {isa = PBXFileReference; lastKnownFileType = wrapper.framework; name = CoreLocation.framework; path = System/Library/Frameworks/CoreLocation.framework; sourceTree = SDKROOT; };
		301BF5C0109A6A2B0062928A /* MediaPlayer.framework */ = {isa = PBXFileReference; lastKnownFileType = wrapper.framework; name = MediaPlayer.framework; path = System/Library/Frameworks/MediaPlayer.framework; sourceTree = SDKROOT; };
		301BF5C2109A6A2B0062928A /* QuartzCore.framework */ = {isa = PBXFileReference; lastKnownFileType = wrapper.framework; name = QuartzCore.framework; path = System/Library/Frameworks/QuartzCore.framework; sourceTree = SDKROOT; };
		301BF5C4109A6A2B0062928A /* SystemConfiguration.framework */ = {isa = PBXFileReference; lastKnownFileType = wrapper.framework; name = SystemConfiguration.framework; path = System/Library/Frameworks/SystemConfiguration.framework; sourceTree = SDKROOT; };
		302D95EE14D2391D003F00A1 /* MainViewController.h */ = {isa = PBXFileReference; fileEncoding = 4; lastKnownFileType = sourcecode.c.h; path = MainViewController.h; sourceTree = "<group>"; };
		302D95EF14D2391D003F00A1 /* MainViewController.m */ = {isa = PBXFileReference; fileEncoding = 4; lastKnownFileType = sourcecode.c.objc; path = MainViewController.m; sourceTree = "<group>"; };
		302D95F014D2391D003F00A1 /* MainViewController.xib */ = {isa = PBXFileReference; fileEncoding = 4; lastKnownFileType = file.xib; path = MainViewController.xib; sourceTree = "<group>"; };
		305D5FD0115AB8F900A74A75 /* MobileCoreServices.framework */ = {isa = PBXFileReference; lastKnownFileType = wrapper.framework; name = MobileCoreServices.framework; path = System/Library/Frameworks/MobileCoreServices.framework; sourceTree = SDKROOT; };
		3072F99613A8081B00425683 /* Capture.bundle */ = {isa = PBXFileReference; lastKnownFileType = "wrapper.plug-in"; path = Capture.bundle; sourceTree = "<group>"; };
		3088BBB7154F3926009F9C59 /* Default-Landscape@2x~ipad.png */ = {isa = PBXFileReference; lastKnownFileType = image.png; path = "Default-Landscape@2x~ipad.png"; sourceTree = "<group>"; };
		3088BBB8154F3926009F9C59 /* Default-Landscape~ipad.png */ = {isa = PBXFileReference; lastKnownFileType = image.png; path = "Default-Landscape~ipad.png"; sourceTree = "<group>"; };
		3088BBB9154F3926009F9C59 /* Default-Portrait@2x~ipad.png */ = {isa = PBXFileReference; lastKnownFileType = image.png; path = "Default-Portrait@2x~ipad.png"; sourceTree = "<group>"; };
		3088BBBA154F3926009F9C59 /* Default-Portrait~ipad.png */ = {isa = PBXFileReference; lastKnownFileType = image.png; path = "Default-Portrait~ipad.png"; sourceTree = "<group>"; };
		3088BBBB154F3926009F9C59 /* Default@2x~iphone.png */ = {isa = PBXFileReference; lastKnownFileType = image.png; path = "Default@2x~iphone.png"; sourceTree = "<group>"; };
		3088BBBC154F3926009F9C59 /* Default~iphone.png */ = {isa = PBXFileReference; lastKnownFileType = image.png; path = "Default~iphone.png"; sourceTree = "<group>"; };
		308D052E1370CCF300D202BF /* icon-72.png */ = {isa = PBXFileReference; lastKnownFileType = image.png; path = "icon-72.png"; sourceTree = "<group>"; };
		308D052F1370CCF300D202BF /* icon.png */ = {isa = PBXFileReference; lastKnownFileType = image.png; path = icon.png; sourceTree = "<group>"; };
		308D05301370CCF300D202BF /* icon@2x.png */ = {isa = PBXFileReference; lastKnownFileType = image.png; path = "icon@2x.png"; sourceTree = "<group>"; };
		30A0434414DC770100060A13 /* de */ = {isa = PBXFileReference; lastKnownFileType = text.plist.strings; name = de; path = Localizable.strings; sourceTree = "<group>"; };
		30A0434714DC770100060A13 /* se */ = {isa = PBXFileReference; lastKnownFileType = text.plist.strings; name = se; path = Localizable.strings; sourceTree = "<group>"; };
		30E5649113A7FCAF007403D8 /* CoreMedia.framework */ = {isa = PBXFileReference; lastKnownFileType = wrapper.framework; name = CoreMedia.framework; path = System/Library/Frameworks/CoreMedia.framework; sourceTree = SDKROOT; };
		30FC414816E50CA1004E6F35 /* icon-72@2x.png */ = {isa = PBXFileReference; lastKnownFileType = image.png; path = "icon-72@2x.png"; sourceTree = "<group>"; };
		32CA4F630368D1EE00C91783 /* semanticweb-Prefix.pch */ = {isa = PBXFileReference; fileEncoding = 4; lastKnownFileType = sourcecode.c.h; path = "semanticweb-Prefix.pch"; sourceTree = "<group>"; };
		3F0AB99317227D4600C1B02F /* FacebookSDK.framework */ = {isa = PBXFileReference; lastKnownFileType = wrapper.framework; path = FacebookSDK.framework; sourceTree = "<group>"; };
		3F0AB99517227DA400C1B02F /* FacebookSDKResources.bundle */ = {isa = PBXFileReference; lastKnownFileType = "wrapper.plug-in"; name = FacebookSDKResources.bundle; path = semanticweb/Resources/FacebookSDKResources.bundle; sourceTree = "<group>"; };
		3F0AB9C817227F2000C1B02F /* FacebookConnectPlugin.h */ = {isa = PBXFileReference; fileEncoding = 4; lastKnownFileType = sourcecode.c.h; path = FacebookConnectPlugin.h; sourceTree = "<group>"; };
		3F0AB9C917227F2000C1B02F /* FacebookConnectPlugin.m */ = {isa = PBXFileReference; fileEncoding = 4; lastKnownFileType = sourcecode.c.objc; path = FacebookConnectPlugin.m; sourceTree = "<group>"; };
		3F0AB9CF1722847D00C1B02F /* AdSupport.framework */ = {isa = PBXFileReference; lastKnownFileType = wrapper.framework; name = AdSupport.framework; path = System/Library/Frameworks/AdSupport.framework; sourceTree = SDKROOT; };
		3F0AB9D11722848100C1B02F /* Accounts.framework */ = {isa = PBXFileReference; lastKnownFileType = wrapper.framework; name = Accounts.framework; path = System/Library/Frameworks/Accounts.framework; sourceTree = SDKROOT; };
		3F0AB9D31722848800C1B02F /* Social.framework */ = {isa = PBXFileReference; lastKnownFileType = wrapper.framework; name = Social.framework; path = System/Library/Frameworks/Social.framework; sourceTree = SDKROOT; };
		3F0AB9D61722853B00C1B02F /* Facebook.h */ = {isa = PBXFileReference; fileEncoding = 4; lastKnownFileType = sourcecode.c.h; path = Facebook.h; sourceTree = "<group>"; };
		3F0AB9D71722853B00C1B02F /* FacebookSDK.h */ = {isa = PBXFileReference; fileEncoding = 4; lastKnownFileType = sourcecode.c.h; path = FacebookSDK.h; sourceTree = "<group>"; };
		3F0AB9D81722853B00C1B02F /* FBAccessTokenData.h */ = {isa = PBXFileReference; fileEncoding = 4; lastKnownFileType = sourcecode.c.h; path = FBAccessTokenData.h; sourceTree = "<group>"; };
		3F0AB9D91722853B00C1B02F /* FBAppCall.h */ = {isa = PBXFileReference; fileEncoding = 4; lastKnownFileType = sourcecode.c.h; path = FBAppCall.h; sourceTree = "<group>"; };
		3F0AB9DA1722853B00C1B02F /* FBAppLinkData.h */ = {isa = PBXFileReference; fileEncoding = 4; lastKnownFileType = sourcecode.c.h; path = FBAppLinkData.h; sourceTree = "<group>"; };
		3F0AB9DB1722853B00C1B02F /* FBCacheDescriptor.h */ = {isa = PBXFileReference; fileEncoding = 4; lastKnownFileType = sourcecode.c.h; path = FBCacheDescriptor.h; sourceTree = "<group>"; };
		3F0AB9DC1722853B00C1B02F /* FBConnect.h */ = {isa = PBXFileReference; fileEncoding = 4; lastKnownFileType = sourcecode.c.h; path = FBConnect.h; sourceTree = "<group>"; };
		3F0AB9DD1722853B00C1B02F /* FBDialog.h */ = {isa = PBXFileReference; fileEncoding = 4; lastKnownFileType = sourcecode.c.h; path = FBDialog.h; sourceTree = "<group>"; };
		3F0AB9DE1722853B00C1B02F /* FBDialogs.h */ = {isa = PBXFileReference; fileEncoding = 4; lastKnownFileType = sourcecode.c.h; path = FBDialogs.h; sourceTree = "<group>"; };
		3F0AB9DF1722853B00C1B02F /* FBDialogsData.h */ = {isa = PBXFileReference; fileEncoding = 4; lastKnownFileType = sourcecode.c.h; path = FBDialogsData.h; sourceTree = "<group>"; };
		3F0AB9E01722853B00C1B02F /* FBDialogsParams.h */ = {isa = PBXFileReference; fileEncoding = 4; lastKnownFileType = sourcecode.c.h; path = FBDialogsParams.h; sourceTree = "<group>"; };
		3F0AB9E11722853B00C1B02F /* FBError.h */ = {isa = PBXFileReference; fileEncoding = 4; lastKnownFileType = sourcecode.c.h; path = FBError.h; sourceTree = "<group>"; };
		3F0AB9E21722853B00C1B02F /* FBErrorUtility.h */ = {isa = PBXFileReference; fileEncoding = 4; lastKnownFileType = sourcecode.c.h; path = FBErrorUtility.h; sourceTree = "<group>"; };
		3F0AB9E31722853B00C1B02F /* FBFrictionlessRecipientCache.h */ = {isa = PBXFileReference; fileEncoding = 4; lastKnownFileType = sourcecode.c.h; path = FBFrictionlessRecipientCache.h; sourceTree = "<group>"; };
		3F0AB9E41722853B00C1B02F /* FBFrictionlessRequestSettings.h */ = {isa = PBXFileReference; fileEncoding = 4; lastKnownFileType = sourcecode.c.h; path = FBFrictionlessRequestSettings.h; sourceTree = "<group>"; };
		3F0AB9E51722853B00C1B02F /* FBFriendPickerViewController.h */ = {isa = PBXFileReference; fileEncoding = 4; lastKnownFileType = sourcecode.c.h; path = FBFriendPickerViewController.h; sourceTree = "<group>"; };
		3F0AB9E61722853B00C1B02F /* FBGraphLocation.h */ = {isa = PBXFileReference; fileEncoding = 4; lastKnownFileType = sourcecode.c.h; path = FBGraphLocation.h; sourceTree = "<group>"; };
		3F0AB9E71722853B00C1B02F /* FBGraphObject.h */ = {isa = PBXFileReference; fileEncoding = 4; lastKnownFileType = sourcecode.c.h; path = FBGraphObject.h; sourceTree = "<group>"; };
		3F0AB9E81722853B00C1B02F /* FBGraphPlace.h */ = {isa = PBXFileReference; fileEncoding = 4; lastKnownFileType = sourcecode.c.h; path = FBGraphPlace.h; sourceTree = "<group>"; };
		3F0AB9E91722853B00C1B02F /* FBGraphUser.h */ = {isa = PBXFileReference; fileEncoding = 4; lastKnownFileType = sourcecode.c.h; path = FBGraphUser.h; sourceTree = "<group>"; };
		3F0AB9EA1722853B00C1B02F /* FBInsights.h */ = {isa = PBXFileReference; fileEncoding = 4; lastKnownFileType = sourcecode.c.h; path = FBInsights.h; sourceTree = "<group>"; };
		3F0AB9EB1722853B00C1B02F /* FBLoginDialog.h */ = {isa = PBXFileReference; fileEncoding = 4; lastKnownFileType = sourcecode.c.h; path = FBLoginDialog.h; sourceTree = "<group>"; };
		3F0AB9EC1722853B00C1B02F /* FBLoginView.h */ = {isa = PBXFileReference; fileEncoding = 4; lastKnownFileType = sourcecode.c.h; path = FBLoginView.h; sourceTree = "<group>"; };
		3F0AB9ED1722853B00C1B02F /* FBNativeDialogs.h */ = {isa = PBXFileReference; fileEncoding = 4; lastKnownFileType = sourcecode.c.h; path = FBNativeDialogs.h; sourceTree = "<group>"; };
		3F0AB9EE1722853B00C1B02F /* FBOpenGraphAction.h */ = {isa = PBXFileReference; fileEncoding = 4; lastKnownFileType = sourcecode.c.h; path = FBOpenGraphAction.h; sourceTree = "<group>"; };
		3F0AB9EF1722853B00C1B02F /* FBOpenGraphActionShareDialogParams.h */ = {isa = PBXFileReference; fileEncoding = 4; lastKnownFileType = sourcecode.c.h; path = FBOpenGraphActionShareDialogParams.h; sourceTree = "<group>"; };
		3F0AB9F01722853B00C1B02F /* FBOpenGraphObject.h */ = {isa = PBXFileReference; fileEncoding = 4; lastKnownFileType = sourcecode.c.h; path = FBOpenGraphObject.h; sourceTree = "<group>"; };
		3F0AB9F11722853B00C1B02F /* FBPlacePickerViewController.h */ = {isa = PBXFileReference; fileEncoding = 4; lastKnownFileType = sourcecode.c.h; path = FBPlacePickerViewController.h; sourceTree = "<group>"; };
		3F0AB9F21722853B00C1B02F /* FBProfilePictureView.h */ = {isa = PBXFileReference; fileEncoding = 4; lastKnownFileType = sourcecode.c.h; path = FBProfilePictureView.h; sourceTree = "<group>"; };
		3F0AB9F31722853B00C1B02F /* FBRequest.h */ = {isa = PBXFileReference; fileEncoding = 4; lastKnownFileType = sourcecode.c.h; path = FBRequest.h; sourceTree = "<group>"; };
		3F0AB9F41722853B00C1B02F /* FBRequestConnection.h */ = {isa = PBXFileReference; fileEncoding = 4; lastKnownFileType = sourcecode.c.h; path = FBRequestConnection.h; sourceTree = "<group>"; };
		3F0AB9F51722853B00C1B02F /* FBSession.h */ = {isa = PBXFileReference; fileEncoding = 4; lastKnownFileType = sourcecode.c.h; path = FBSession.h; sourceTree = "<group>"; };
		3F0AB9F61722853B00C1B02F /* FBSessionManualTokenCachingStrategy.h */ = {isa = PBXFileReference; fileEncoding = 4; lastKnownFileType = sourcecode.c.h; path = FBSessionManualTokenCachingStrategy.h; sourceTree = "<group>"; };
		3F0AB9F71722853B00C1B02F /* FBSessionTokenCachingStrategy.h */ = {isa = PBXFileReference; fileEncoding = 4; lastKnownFileType = sourcecode.c.h; path = FBSessionTokenCachingStrategy.h; sourceTree = "<group>"; };
		3F0AB9F81722853B00C1B02F /* FBSettings.h */ = {isa = PBXFileReference; fileEncoding = 4; lastKnownFileType = sourcecode.c.h; path = FBSettings.h; sourceTree = "<group>"; };
		3F0AB9F91722853B00C1B02F /* FBShareDialogParams.h */ = {isa = PBXFileReference; fileEncoding = 4; lastKnownFileType = sourcecode.c.h; path = FBShareDialogParams.h; sourceTree = "<group>"; };
		3F0AB9FA1722853B00C1B02F /* FBTestSession.h */ = {isa = PBXFileReference; fileEncoding = 4; lastKnownFileType = sourcecode.c.h; path = FBTestSession.h; sourceTree = "<group>"; };
		3F0AB9FB1722853B00C1B02F /* FBUserSettingsViewController.h */ = {isa = PBXFileReference; fileEncoding = 4; lastKnownFileType = sourcecode.c.h; path = FBUserSettingsViewController.h; sourceTree = "<group>"; };
		3F0AB9FC1722853B00C1B02F /* FBViewController.h */ = {isa = PBXFileReference; fileEncoding = 4; lastKnownFileType = sourcecode.c.h; path = FBViewController.h; sourceTree = "<group>"; };
		3F0AB9FD1722853B00C1B02F /* FBWebDialogs.h */ = {isa = PBXFileReference; fileEncoding = 4; lastKnownFileType = sourcecode.c.h; path = FBWebDialogs.h; sourceTree = "<group>"; };
		3F0AB9FE1722853B00C1B02F /* NSError+FBError.h */ = {isa = PBXFileReference; fileEncoding = 4; lastKnownFileType = sourcecode.c.h; path = "NSError+FBError.h"; sourceTree = "<group>"; };
		3F0ABA00172286EC00C1B02F /* Facebook.h */ = {isa = PBXFileReference; fileEncoding = 4; lastKnownFileType = sourcecode.c.h; path = Facebook.h; sourceTree = "<group>"; };
		3F0ABA01172286EC00C1B02F /* Facebook.m */ = {isa = PBXFileReference; fileEncoding = 4; lastKnownFileType = sourcecode.c.objc; path = Facebook.m; sourceTree = "<group>"; };
		3F0ABA02172286EC00C1B02F /* FacebookSDK.h */ = {isa = PBXFileReference; fileEncoding = 4; lastKnownFileType = sourcecode.c.h; path = FacebookSDK.h; sourceTree = "<group>"; };
		3F0ABA03172286EC00C1B02F /* FBCacheDescriptor.h */ = {isa = PBXFileReference; fileEncoding = 4; lastKnownFileType = sourcecode.c.h; path = FBCacheDescriptor.h; sourceTree = "<group>"; };
		3F0ABA04172286EC00C1B02F /* FBCacheDescriptor.m */ = {isa = PBXFileReference; fileEncoding = 4; lastKnownFileType = sourcecode.c.objc; path = FBCacheDescriptor.m; sourceTree = "<group>"; };
		3F0ABA05172286EC00C1B02F /* FBCacheIndex.h */ = {isa = PBXFileReference; fileEncoding = 4; lastKnownFileType = sourcecode.c.h; path = FBCacheIndex.h; sourceTree = "<group>"; };
		3F0ABA06172286EC00C1B02F /* FBCacheIndex.m */ = {isa = PBXFileReference; fileEncoding = 4; lastKnownFileType = sourcecode.c.objc; path = FBCacheIndex.m; sourceTree = "<group>"; };
		3F0ABA07172286EC00C1B02F /* FBConnect.h */ = {isa = PBXFileReference; fileEncoding = 4; lastKnownFileType = sourcecode.c.h; path = FBConnect.h; sourceTree = "<group>"; };
		3F0ABA08172286EC00C1B02F /* FBContentLink.h */ = {isa = PBXFileReference; fileEncoding = 4; lastKnownFileType = sourcecode.c.h; path = FBContentLink.h; sourceTree = "<group>"; };
		3F0ABA09172286EC00C1B02F /* FBContentLink.m */ = {isa = PBXFileReference; fileEncoding = 4; lastKnownFileType = sourcecode.c.objc; path = FBContentLink.m; sourceTree = "<group>"; };
		3F0ABA0A172286EC00C1B02F /* FBDataDiskCache.h */ = {isa = PBXFileReference; fileEncoding = 4; lastKnownFileType = sourcecode.c.h; path = FBDataDiskCache.h; sourceTree = "<group>"; };
		3F0ABA0B172286EC00C1B02F /* FBDataDiskCache.m */ = {isa = PBXFileReference; fileEncoding = 4; lastKnownFileType = sourcecode.c.objc; path = FBDataDiskCache.m; sourceTree = "<group>"; };
		3F0ABA0C172286EC00C1B02F /* FBDialog.h */ = {isa = PBXFileReference; fileEncoding = 4; lastKnownFileType = sourcecode.c.h; path = FBDialog.h; sourceTree = "<group>"; };
		3F0ABA0D172286EC00C1B02F /* FBDialog.m */ = {isa = PBXFileReference; fileEncoding = 4; lastKnownFileType = sourcecode.c.objc; path = FBDialog.m; sourceTree = "<group>"; };
		3F0ABA0E172286EC00C1B02F /* FBError.h */ = {isa = PBXFileReference; fileEncoding = 4; lastKnownFileType = sourcecode.c.h; path = FBError.h; sourceTree = "<group>"; };
		3F0ABA0F172286EC00C1B02F /* FBError.m */ = {isa = PBXFileReference; fileEncoding = 4; lastKnownFileType = sourcecode.c.objc; path = FBError.m; sourceTree = "<group>"; };
		3F0ABA10172286EC00C1B02F /* FBFrictionlessRequestSettings.h */ = {isa = PBXFileReference; fileEncoding = 4; lastKnownFileType = sourcecode.c.h; path = FBFrictionlessRequestSettings.h; sourceTree = "<group>"; };
		3F0ABA11172286EC00C1B02F /* FBFrictionlessRequestSettings.m */ = {isa = PBXFileReference; fileEncoding = 4; lastKnownFileType = sourcecode.c.objc; path = FBFrictionlessRequestSettings.m; sourceTree = "<group>"; };
		3F0ABA12172286EC00C1B02F /* FBFriendPickerCacheDescriptor.h */ = {isa = PBXFileReference; fileEncoding = 4; lastKnownFileType = sourcecode.c.h; path = FBFriendPickerCacheDescriptor.h; sourceTree = "<group>"; };
		3F0ABA13172286EC00C1B02F /* FBFriendPickerCacheDescriptor.m */ = {isa = PBXFileReference; fileEncoding = 4; lastKnownFileType = sourcecode.c.objc; path = FBFriendPickerCacheDescriptor.m; sourceTree = "<group>"; };
		3F0ABA14172286EC00C1B02F /* FBFriendPickerViewController+Internal.h */ = {isa = PBXFileReference; fileEncoding = 4; lastKnownFileType = sourcecode.c.h; path = "FBFriendPickerViewController+Internal.h"; sourceTree = "<group>"; };
		3F0ABA15172286EC00C1B02F /* FBFriendPickerViewController.h */ = {isa = PBXFileReference; fileEncoding = 4; lastKnownFileType = sourcecode.c.h; path = FBFriendPickerViewController.h; sourceTree = "<group>"; };
		3F0ABA16172286EC00C1B02F /* FBFriendPickerViewController.m */ = {isa = PBXFileReference; fileEncoding = 4; lastKnownFileType = sourcecode.c.objc; path = FBFriendPickerViewController.m; sourceTree = "<group>"; };
		3F0ABA17172286EC00C1B02F /* FBGraphLocation.h */ = {isa = PBXFileReference; fileEncoding = 4; lastKnownFileType = sourcecode.c.h; path = FBGraphLocation.h; sourceTree = "<group>"; };
		3F0ABA18172286EC00C1B02F /* FBGraphObject.h */ = {isa = PBXFileReference; fileEncoding = 4; lastKnownFileType = sourcecode.c.h; path = FBGraphObject.h; sourceTree = "<group>"; };
		3F0ABA19172286EC00C1B02F /* FBGraphObject.m */ = {isa = PBXFileReference; fileEncoding = 4; lastKnownFileType = sourcecode.c.objc; path = FBGraphObject.m; sourceTree = "<group>"; };
		3F0ABA1A172286EC00C1B02F /* FBGraphObjectPagingLoader.h */ = {isa = PBXFileReference; fileEncoding = 4; lastKnownFileType = sourcecode.c.h; path = FBGraphObjectPagingLoader.h; sourceTree = "<group>"; };
		3F0ABA1B172286EC00C1B02F /* FBGraphObjectPagingLoader.m */ = {isa = PBXFileReference; fileEncoding = 4; lastKnownFileType = sourcecode.c.objc; path = FBGraphObjectPagingLoader.m; sourceTree = "<group>"; };
		3F0ABA1C172286EC00C1B02F /* FBGraphObjectTableCell.h */ = {isa = PBXFileReference; fileEncoding = 4; lastKnownFileType = sourcecode.c.h; path = FBGraphObjectTableCell.h; sourceTree = "<group>"; };
		3F0ABA1D172286EC00C1B02F /* FBGraphObjectTableCell.m */ = {isa = PBXFileReference; fileEncoding = 4; lastKnownFileType = sourcecode.c.objc; path = FBGraphObjectTableCell.m; sourceTree = "<group>"; };
		3F0ABA1E172286EC00C1B02F /* FBGraphObjectTableDataSource.h */ = {isa = PBXFileReference; fileEncoding = 4; lastKnownFileType = sourcecode.c.h; path = FBGraphObjectTableDataSource.h; sourceTree = "<group>"; };
		3F0ABA1F172286EC00C1B02F /* FBGraphObjectTableDataSource.m */ = {isa = PBXFileReference; fileEncoding = 4; lastKnownFileType = sourcecode.c.objc; path = FBGraphObjectTableDataSource.m; sourceTree = "<group>"; };
		3F0ABA20172286EC00C1B02F /* FBGraphObjectTableSelection.h */ = {isa = PBXFileReference; fileEncoding = 4; lastKnownFileType = sourcecode.c.h; path = FBGraphObjectTableSelection.h; sourceTree = "<group>"; };
		3F0ABA21172286EC00C1B02F /* FBGraphObjectTableSelection.m */ = {isa = PBXFileReference; fileEncoding = 4; lastKnownFileType = sourcecode.c.objc; path = FBGraphObjectTableSelection.m; sourceTree = "<group>"; };
		3F0ABA22172286EC00C1B02F /* FBGraphPlace.h */ = {isa = PBXFileReference; fileEncoding = 4; lastKnownFileType = sourcecode.c.h; path = FBGraphPlace.h; sourceTree = "<group>"; };
		3F0ABA23172286EC00C1B02F /* FBGraphUser.h */ = {isa = PBXFileReference; fileEncoding = 4; lastKnownFileType = sourcecode.c.h; path = FBGraphUser.h; sourceTree = "<group>"; };
		3F0ABA24172286EC00C1B02F /* FBLogger.h */ = {isa = PBXFileReference; fileEncoding = 4; lastKnownFileType = sourcecode.c.h; path = FBLogger.h; sourceTree = "<group>"; };
		3F0ABA25172286EC00C1B02F /* FBLogger.m */ = {isa = PBXFileReference; fileEncoding = 4; lastKnownFileType = sourcecode.c.objc; path = FBLogger.m; sourceTree = "<group>"; };
		3F0ABA26172286EC00C1B02F /* FBLoginDialog.h */ = {isa = PBXFileReference; fileEncoding = 4; lastKnownFileType = sourcecode.c.h; path = FBLoginDialog.h; sourceTree = "<group>"; };
		3F0ABA27172286EC00C1B02F /* FBLoginDialog.m */ = {isa = PBXFileReference; fileEncoding = 4; lastKnownFileType = sourcecode.c.objc; path = FBLoginDialog.m; sourceTree = "<group>"; };
		3F0ABA28172286EC00C1B02F /* FBLoginView.h */ = {isa = PBXFileReference; fileEncoding = 4; lastKnownFileType = sourcecode.c.h; path = FBLoginView.h; sourceTree = "<group>"; };
		3F0ABA29172286EC00C1B02F /* FBLoginView.m */ = {isa = PBXFileReference; fileEncoding = 4; lastKnownFileType = sourcecode.c.objc; path = FBLoginView.m; sourceTree = "<group>"; };
		3F0ABA2A172286EC00C1B02F /* FBNativeDialogs.h */ = {isa = PBXFileReference; fileEncoding = 4; lastKnownFileType = sourcecode.c.h; path = FBNativeDialogs.h; sourceTree = "<group>"; };
		3F0ABA2B172286EC00C1B02F /* FBNativeDialogs.m */ = {isa = PBXFileReference; fileEncoding = 4; lastKnownFileType = sourcecode.c.objc; path = FBNativeDialogs.m; sourceTree = "<group>"; };
		3F0ABA2C172286EC00C1B02F /* FBOpenGraphAction.h */ = {isa = PBXFileReference; fileEncoding = 4; lastKnownFileType = sourcecode.c.h; path = FBOpenGraphAction.h; sourceTree = "<group>"; };
		3F0ABA2D172286EC00C1B02F /* FBPlacePickerCacheDescriptor.h */ = {isa = PBXFileReference; fileEncoding = 4; lastKnownFileType = sourcecode.c.h; path = FBPlacePickerCacheDescriptor.h; sourceTree = "<group>"; };
		3F0ABA2E172286EC00C1B02F /* FBPlacePickerCacheDescriptor.m */ = {isa = PBXFileReference; fileEncoding = 4; lastKnownFileType = sourcecode.c.objc; path = FBPlacePickerCacheDescriptor.m; sourceTree = "<group>"; };
		3F0ABA2F172286EC00C1B02F /* FBPlacePickerViewController+Internal.h */ = {isa = PBXFileReference; fileEncoding = 4; lastKnownFileType = sourcecode.c.h; path = "FBPlacePickerViewController+Internal.h"; sourceTree = "<group>"; };
		3F0ABA30172286EC00C1B02F /* FBPlacePickerViewController.h */ = {isa = PBXFileReference; fileEncoding = 4; lastKnownFileType = sourcecode.c.h; path = FBPlacePickerViewController.h; sourceTree = "<group>"; };
		3F0ABA31172286EC00C1B02F /* FBPlacePickerViewController.m */ = {isa = PBXFileReference; fileEncoding = 4; lastKnownFileType = sourcecode.c.objc; path = FBPlacePickerViewController.m; sourceTree = "<group>"; };
		3F0ABA32172286EC00C1B02F /* FBProfilePictureView.h */ = {isa = PBXFileReference; fileEncoding = 4; lastKnownFileType = sourcecode.c.h; path = FBProfilePictureView.h; sourceTree = "<group>"; };
		3F0ABA33172286EC00C1B02F /* FBProfilePictureView.m */ = {isa = PBXFileReference; fileEncoding = 4; lastKnownFileType = sourcecode.c.objc; path = FBProfilePictureView.m; sourceTree = "<group>"; };
		3F0ABA34172286EC00C1B02F /* FBRequest.h */ = {isa = PBXFileReference; fileEncoding = 4; lastKnownFileType = sourcecode.c.h; path = FBRequest.h; sourceTree = "<group>"; };
		3F0ABA35172286EC00C1B02F /* FBRequest.m */ = {isa = PBXFileReference; fileEncoding = 4; lastKnownFileType = sourcecode.c.objc; path = FBRequest.m; sourceTree = "<group>"; };
		3F0ABA36172286EC00C1B02F /* FBRequestBody.h */ = {isa = PBXFileReference; fileEncoding = 4; lastKnownFileType = sourcecode.c.h; path = FBRequestBody.h; sourceTree = "<group>"; };
		3F0ABA37172286EC00C1B02F /* FBRequestBody.m */ = {isa = PBXFileReference; fileEncoding = 4; lastKnownFileType = sourcecode.c.objc; path = FBRequestBody.m; sourceTree = "<group>"; };
		3F0ABA38172286EC00C1B02F /* FBRequestConnection+Internal.h */ = {isa = PBXFileReference; fileEncoding = 4; lastKnownFileType = sourcecode.c.h; path = "FBRequestConnection+Internal.h"; sourceTree = "<group>"; };
		3F0ABA39172286EC00C1B02F /* FBRequestConnection.h */ = {isa = PBXFileReference; fileEncoding = 4; lastKnownFileType = sourcecode.c.h; path = FBRequestConnection.h; sourceTree = "<group>"; };
		3F0ABA3A172286EC00C1B02F /* FBRequestConnection.m */ = {isa = PBXFileReference; fileEncoding = 4; lastKnownFileType = sourcecode.c.objc; path = FBRequestConnection.m; sourceTree = "<group>"; };
		3F0ABA3B172286EC00C1B02F /* FBSDKVersion.h */ = {isa = PBXFileReference; fileEncoding = 4; lastKnownFileType = sourcecode.c.h; path = FBSDKVersion.h; sourceTree = "<group>"; };
		3F0ABA3C172286EC00C1B02F /* FBSession+Internal.h */ = {isa = PBXFileReference; fileEncoding = 4; lastKnownFileType = sourcecode.c.h; path = "FBSession+Internal.h"; sourceTree = "<group>"; };
		3F0ABA3D172286EC00C1B02F /* FBSession+Protected.h */ = {isa = PBXFileReference; fileEncoding = 4; lastKnownFileType = sourcecode.c.h; path = "FBSession+Protected.h"; sourceTree = "<group>"; };
		3F0ABA3E172286EC00C1B02F /* FBSession.h */ = {isa = PBXFileReference; fileEncoding = 4; lastKnownFileType = sourcecode.c.h; path = FBSession.h; sourceTree = "<group>"; };
		3F0ABA3F172286EC00C1B02F /* FBSession.m */ = {isa = PBXFileReference; fileEncoding = 4; lastKnownFileType = sourcecode.c.objc; path = FBSession.m; sourceTree = "<group>"; };
		3F0ABA40172286EC00C1B02F /* FBSessionManualTokenCachingStrategy.h */ = {isa = PBXFileReference; fileEncoding = 4; lastKnownFileType = sourcecode.c.h; path = FBSessionManualTokenCachingStrategy.h; sourceTree = "<group>"; };
		3F0ABA41172286EC00C1B02F /* FBSessionManualTokenCachingStrategy.m */ = {isa = PBXFileReference; fileEncoding = 4; lastKnownFileType = sourcecode.c.objc; path = FBSessionManualTokenCachingStrategy.m; sourceTree = "<group>"; };
		3F0ABA42172286EC00C1B02F /* FBSessionTokenCachingStrategy.h */ = {isa = PBXFileReference; fileEncoding = 4; lastKnownFileType = sourcecode.c.h; path = FBSessionTokenCachingStrategy.h; sourceTree = "<group>"; };
		3F0ABA43172286EC00C1B02F /* FBSessionTokenCachingStrategy.m */ = {isa = PBXFileReference; fileEncoding = 4; lastKnownFileType = sourcecode.c.objc; path = FBSessionTokenCachingStrategy.m; sourceTree = "<group>"; };
		3F0ABA44172286EC00C1B02F /* FBSettings+Internal.h */ = {isa = PBXFileReference; fileEncoding = 4; lastKnownFileType = sourcecode.c.h; path = "FBSettings+Internal.h"; sourceTree = "<group>"; };
		3F0ABA45172286EC00C1B02F /* FBSettings.h */ = {isa = PBXFileReference; fileEncoding = 4; lastKnownFileType = sourcecode.c.h; path = FBSettings.h; sourceTree = "<group>"; };
		3F0ABA46172286EC00C1B02F /* FBSettings.m */ = {isa = PBXFileReference; fileEncoding = 4; lastKnownFileType = sourcecode.c.objc; path = FBSettings.m; sourceTree = "<group>"; };
		3F0ABA47172286EC00C1B02F /* FBTestSession+Internal.h */ = {isa = PBXFileReference; fileEncoding = 4; lastKnownFileType = sourcecode.c.h; path = "FBTestSession+Internal.h"; sourceTree = "<group>"; };
		3F0ABA48172286EC00C1B02F /* FBTestSession.h */ = {isa = PBXFileReference; fileEncoding = 4; lastKnownFileType = sourcecode.c.h; path = FBTestSession.h; sourceTree = "<group>"; };
		3F0ABA49172286EC00C1B02F /* FBTestSession.m */ = {isa = PBXFileReference; fileEncoding = 4; lastKnownFileType = sourcecode.c.objc; path = FBTestSession.m; sourceTree = "<group>"; };
		3F0ABA4A172286ED00C1B02F /* FBURLConnection.h */ = {isa = PBXFileReference; fileEncoding = 4; lastKnownFileType = sourcecode.c.h; path = FBURLConnection.h; sourceTree = "<group>"; };
		3F0ABA4B172286ED00C1B02F /* FBURLConnection.m */ = {isa = PBXFileReference; fileEncoding = 4; lastKnownFileType = sourcecode.c.objc; path = FBURLConnection.m; sourceTree = "<group>"; };
		3F0ABA4C172286ED00C1B02F /* FBUserSettingsViewController.h */ = {isa = PBXFileReference; fileEncoding = 4; lastKnownFileType = sourcecode.c.h; path = FBUserSettingsViewController.h; sourceTree = "<group>"; };
		3F0ABA4D172286ED00C1B02F /* FBUserSettingsViewController.m */ = {isa = PBXFileReference; fileEncoding = 4; lastKnownFileType = sourcecode.c.objc; path = FBUserSettingsViewController.m; sourceTree = "<group>"; };
		3F0ABA4E172286ED00C1B02F /* FBUtility.h */ = {isa = PBXFileReference; fileEncoding = 4; lastKnownFileType = sourcecode.c.h; path = FBUtility.h; sourceTree = "<group>"; };
		3F0ABA4F172286ED00C1B02F /* FBUtility.m */ = {isa = PBXFileReference; fileEncoding = 4; lastKnownFileType = sourcecode.c.objc; path = FBUtility.m; sourceTree = "<group>"; };
		3F0ABA50172286ED00C1B02F /* FBViewController+Internal.h */ = {isa = PBXFileReference; fileEncoding = 4; lastKnownFileType = sourcecode.c.h; path = "FBViewController+Internal.h"; sourceTree = "<group>"; };
		3F0ABA51172286ED00C1B02F /* FBViewController.h */ = {isa = PBXFileReference; fileEncoding = 4; lastKnownFileType = sourcecode.c.h; path = FBViewController.h; sourceTree = "<group>"; };
		3F0ABA52172286ED00C1B02F /* FBViewController.m */ = {isa = PBXFileReference; fileEncoding = 4; lastKnownFileType = sourcecode.c.objc; path = FBViewController.m; sourceTree = "<group>"; };
		3F0ABA54172286ED00C1B02F /* FBSBJSON.h */ = {isa = PBXFileReference; fileEncoding = 4; lastKnownFileType = sourcecode.c.h; path = FBSBJSON.h; sourceTree = "<group>"; };
		3F0ABA55172286ED00C1B02F /* FBSBJSON.m */ = {isa = PBXFileReference; fileEncoding = 4; lastKnownFileType = sourcecode.c.objc; path = FBSBJSON.m; sourceTree = "<group>"; };
		3F0ABA56172286ED00C1B02F /* FBSBJsonBase.h */ = {isa = PBXFileReference; fileEncoding = 4; lastKnownFileType = sourcecode.c.h; path = FBSBJsonBase.h; sourceTree = "<group>"; };
		3F0ABA57172286ED00C1B02F /* FBSBJsonBase.m */ = {isa = PBXFileReference; fileEncoding = 4; lastKnownFileType = sourcecode.c.objc; path = FBSBJsonBase.m; sourceTree = "<group>"; };
		3F0ABA58172286ED00C1B02F /* FBSBJsonParser.h */ = {isa = PBXFileReference; fileEncoding = 4; lastKnownFileType = sourcecode.c.h; path = FBSBJsonParser.h; sourceTree = "<group>"; };
		3F0ABA59172286ED00C1B02F /* FBSBJsonParser.m */ = {isa = PBXFileReference; fileEncoding = 4; lastKnownFileType = sourcecode.c.objc; path = FBSBJsonParser.m; sourceTree = "<group>"; };
		3F0ABA5A172286ED00C1B02F /* FBSBJsonWriter.h */ = {isa = PBXFileReference; fileEncoding = 4; lastKnownFileType = sourcecode.c.h; path = FBSBJsonWriter.h; sourceTree = "<group>"; };
		3F0ABA5B172286ED00C1B02F /* FBSBJsonWriter.m */ = {isa = PBXFileReference; fileEncoding = 4; lastKnownFileType = sourcecode.c.objc; path = FBSBJsonWriter.m; sourceTree = "<group>"; };
		3F0ABA5D172286ED00C1B02F /* FacebookSDKResources.bundle */ = {isa = PBXFileReference; lastKnownFileType = "wrapper.plug-in"; path = FacebookSDKResources.bundle; sourceTree = "<group>"; };
		3F0ABA5E172286ED00C1B02F /* FBUserSettingsViewResources.bundle */ = {isa = PBXFileReference; lastKnownFileType = "wrapper.plug-in"; path = FBUserSettingsViewResources.bundle; sourceTree = "<group>"; };
		3F0ABA871722876D00C1B02F /* Security.framework */ = {isa = PBXFileReference; lastKnownFileType = wrapper.framework; name = Security.framework; path = System/Library/Frameworks/Security.framework; sourceTree = SDKROOT; };
		3F0ABA891722877C00C1B02F /* libsqlite3.dylib */ = {isa = PBXFileReference; lastKnownFileType = "compiled.mach-o.dylib"; name = libsqlite3.dylib; path = usr/lib/libsqlite3.dylib; sourceTree = SDKROOT; };
		3F0ABA8B1722881500C1B02F /* libsqlite3.0.dylib */ = {isa = PBXFileReference; lastKnownFileType = "compiled.mach-o.dylib"; name = libsqlite3.0.dylib; path = usr/lib/libsqlite3.0.dylib; sourceTree = SDKROOT; };
		3F0ABA9117228BB700C1B02F /* FacebookConnectPlugin.m */ = {isa = PBXFileReference; lastKnownFileType = sourcecode.c.objc; name = FacebookConnectPlugin.m; path = semanticweb/Plugins/FacebookConnectPlugin.m; sourceTree = "<group>"; };
		5B1594DC16A7569C00FEF299 /* AssetsLibrary.framework */ = {isa = PBXFileReference; lastKnownFileType = wrapper.framework; name = AssetsLibrary.framework; path = System/Library/Frameworks/AssetsLibrary.framework; sourceTree = SDKROOT; };
		8D1107310486CEB800E47090 /* semanticweb-Info.plist */ = {isa = PBXFileReference; fileEncoding = 4; lastKnownFileType = text.plist.xml; name = "semanticweb-Info.plist"; path = "../semanticweb-Info.plist"; plistStructureDefinitionIdentifier = "com.apple.xcode.plist.structure-definition.iphone.info-plist"; sourceTree = "<group>"; };
		D4A0D8751607E02300AEF8BB /* Default-568h@2x~iphone.png */ = {isa = PBXFileReference; lastKnownFileType = image.png; path = "Default-568h@2x~iphone.png"; sourceTree = "<group>"; };
		F840E1F0165FE0F500CFE078 /* config.xml */ = {isa = PBXFileReference; lastKnownFileType = text.xml; name = config.xml; path = semanticweb/config.xml; sourceTree = "<group>"; };
/* End PBXFileReference section */

/* Begin PBXFrameworksBuildPhase section */
		1D60588F0D05DD3D006BFB54 /* Frameworks */ = {
			isa = PBXFrameworksBuildPhase;
			buildActionMask = 2147483647;
			files = (
				3F0ABA8D172288AD00C1B02F /* libsqlite3.dylib in Frameworks */,
				3F0ABA881722876D00C1B02F /* Security.framework in Frameworks */,
				3F0AB9D41722848800C1B02F /* Social.framework in Frameworks */,
				3F0AB9D21722848100C1B02F /* Accounts.framework in Frameworks */,
				3F0AB9D01722847D00C1B02F /* AdSupport.framework in Frameworks */,
				5B1594DD16A7569C00FEF299 /* AssetsLibrary.framework in Frameworks */,
				301BF552109A68D80062928A /* libCordova.a in Frameworks */,
				1D60589F0D05DD5A006BFB54 /* Foundation.framework in Frameworks */,
				1DF5F4E00D08C38300B7A737 /* UIKit.framework in Frameworks */,
				288765FD0DF74451002DB57D /* CoreGraphics.framework in Frameworks */,
				301BF5B5109A6A2B0062928A /* AddressBook.framework in Frameworks */,
				301BF5B7109A6A2B0062928A /* AddressBookUI.framework in Frameworks */,
				301BF5B9109A6A2B0062928A /* AudioToolbox.framework in Frameworks */,
				301BF5BB109A6A2B0062928A /* AVFoundation.framework in Frameworks */,
				301BF5BD109A6A2B0062928A /* CFNetwork.framework in Frameworks */,
				301BF5BF109A6A2B0062928A /* CoreLocation.framework in Frameworks */,
				301BF5C1109A6A2B0062928A /* MediaPlayer.framework in Frameworks */,
				301BF5C3109A6A2B0062928A /* QuartzCore.framework in Frameworks */,
				301BF5C5109A6A2B0062928A /* SystemConfiguration.framework in Frameworks */,
				305D5FD1115AB8F900A74A75 /* MobileCoreServices.framework in Frameworks */,
				30E5649213A7FCAF007403D8 /* CoreMedia.framework in Frameworks */,
				3F0AB99417227D4600C1B02F /* FacebookSDK.framework in Frameworks */,
			);
			runOnlyForDeploymentPostprocessing = 0;
		};
/* End PBXFrameworksBuildPhase section */

/* Begin PBXGroup section */
		080E96DDFE201D6D7F000001 /* Classes */ = {
			isa = PBXGroup;
			children = (
				302D95EE14D2391D003F00A1 /* MainViewController.h */,
				302D95EF14D2391D003F00A1 /* MainViewController.m */,
				302D95F014D2391D003F00A1 /* MainViewController.xib */,
				1D3623240D0F684500981E51 /* AppDelegate.h */,
				1D3623250D0F684500981E51 /* AppDelegate.m */,
			);
			name = Classes;
			path = semanticweb/Classes;
			sourceTree = SOURCE_ROOT;
		};
		19C28FACFE9D520D11CA2CBB /* Products */ = {
			isa = PBXGroup;
			children = (
				1D6058910D05DD3D006BFB54 /* semanticweb.app */,
			);
			name = Products;
			sourceTree = "<group>";
		};
		1F766FDB13BBADB100FB74C0 /* en.lproj */ = {
			isa = PBXGroup;
			children = (
				1F766FDC13BBADB100FB74C0 /* Localizable.strings */,
			);
			path = en.lproj;
			sourceTree = "<group>";
		};
		1F766FDE13BBADB100FB74C0 /* es.lproj */ = {
			isa = PBXGroup;
			children = (
				1F766FDF13BBADB100FB74C0 /* Localizable.strings */,
			);
			path = es.lproj;
			sourceTree = "<group>";
		};
		29B97314FDCFA39411CA2CEA /* CustomTemplate */ = {
			isa = PBXGroup;
			children = (
				3F0ABA9117228BB700C1B02F /* FacebookConnectPlugin.m */,
				3F0ABA8B1722881500C1B02F /* libsqlite3.0.dylib */,
				F840E1F0165FE0F500CFE078 /* config.xml */,
				301BF56E109A69640062928A /* www */,
				301BF52D109A57CC0062928A /* CordovaLib.xcodeproj */,
				080E96DDFE201D6D7F000001 /* Classes */,
				307C750510C5A3420062BCA9 /* Plugins */,
				29B97315FDCFA39411CA2CEA /* Other Sources */,
				29B97317FDCFA39411CA2CEA /* Resources */,
				29B97323FDCFA39411CA2CEA /* Frameworks */,
				19C28FACFE9D520D11CA2CBB /* Products */,
			);
			name = CustomTemplate;
			sourceTree = "<group>";
		};
		29B97315FDCFA39411CA2CEA /* Other Sources */ = {
			isa = PBXGroup;
			children = (
				32CA4F630368D1EE00C91783 /* semanticweb-Prefix.pch */,
				29B97316FDCFA39411CA2CEA /* main.m */,
			);
			name = "Other Sources";
			path = semanticweb;
			sourceTree = "<group>";
		};
		29B97317FDCFA39411CA2CEA /* Resources */ = {
			isa = PBXGroup;
			children = (
				30A0434214DC770100060A13 /* de.lproj */,
				30A0434514DC770100060A13 /* se.lproj */,
				1F766FDB13BBADB100FB74C0 /* en.lproj */,
				1F766FDE13BBADB100FB74C0 /* es.lproj */,
				3072F99613A8081B00425683 /* Capture.bundle */,
				308D052D1370CCF300D202BF /* icons */,
				308D05311370CCF300D202BF /* splash */,
				8D1107310486CEB800E47090 /* semanticweb-Info.plist */,
			);
			name = Resources;
			path = semanticweb/Resources;
			sourceTree = "<group>";
		};
		29B97323FDCFA39411CA2CEA /* Frameworks */ = {
			isa = PBXGroup;
			children = (
				3F0AB99517227DA400C1B02F /* FacebookSDKResources.bundle */,
				3F0ABA891722877C00C1B02F /* libsqlite3.dylib */,
				3F0ABA871722876D00C1B02F /* Security.framework */,
				3F0AB9D31722848800C1B02F /* Social.framework */,
				3F0AB9D11722848100C1B02F /* Accounts.framework */,
				3F0AB9CF1722847D00C1B02F /* AdSupport.framework */,
				3F0AB9D51722853B00C1B02F /* DeprecatedHeaders */,
				3F0AB99317227D4600C1B02F /* FacebookSDK.framework */,
				5B1594DC16A7569C00FEF299 /* AssetsLibrary.framework */,
				1DF5F4DF0D08C38300B7A737 /* UIKit.framework */,
				1D30AB110D05D00D00671497 /* Foundation.framework */,
				288765FC0DF74451002DB57D /* CoreGraphics.framework */,
				301BF5B4109A6A2B0062928A /* AddressBook.framework */,
				301BF5B6109A6A2B0062928A /* AddressBookUI.framework */,
				301BF5B8109A6A2B0062928A /* AudioToolbox.framework */,
				301BF5BA109A6A2B0062928A /* AVFoundation.framework */,
				301BF5BC109A6A2B0062928A /* CFNetwork.framework */,
				301BF5BE109A6A2B0062928A /* CoreLocation.framework */,
				301BF5C0109A6A2B0062928A /* MediaPlayer.framework */,
				301BF5C2109A6A2B0062928A /* QuartzCore.framework */,
				301BF5C4109A6A2B0062928A /* SystemConfiguration.framework */,
				305D5FD0115AB8F900A74A75 /* MobileCoreServices.framework */,
				30E5649113A7FCAF007403D8 /* CoreMedia.framework */,
			);
			name = Frameworks;
			sourceTree = "<group>";
		};
		301BF52E109A57CC0062928A /* Products */ = {
			isa = PBXGroup;
			children = (
				301BF535109A57CC0062928A /* libCordova.a */,
			);
			name = Products;
			sourceTree = "<group>";
		};
		307C750510C5A3420062BCA9 /* Plugins */ = {
			isa = PBXGroup;
			children = (
				3F0AB9C717227ED300C1B02F /* ios */,
			);
			name = Plugins;
			path = semanticweb/Plugins;
			sourceTree = SOURCE_ROOT;
		};
		308D052D1370CCF300D202BF /* icons */ = {
			isa = PBXGroup;
			children = (
				30FC414816E50CA1004E6F35 /* icon-72@2x.png */,
				308D052E1370CCF300D202BF /* icon-72.png */,
				308D052F1370CCF300D202BF /* icon.png */,
				308D05301370CCF300D202BF /* icon@2x.png */,
			);
			path = icons;
			sourceTree = "<group>";
		};
		308D05311370CCF300D202BF /* splash */ = {
			isa = PBXGroup;
			children = (
				D4A0D8751607E02300AEF8BB /* Default-568h@2x~iphone.png */,
				3088BBB7154F3926009F9C59 /* Default-Landscape@2x~ipad.png */,
				3088BBB8154F3926009F9C59 /* Default-Landscape~ipad.png */,
				3088BBB9154F3926009F9C59 /* Default-Portrait@2x~ipad.png */,
				3088BBBA154F3926009F9C59 /* Default-Portrait~ipad.png */,
				3088BBBB154F3926009F9C59 /* Default@2x~iphone.png */,
				3088BBBC154F3926009F9C59 /* Default~iphone.png */,
			);
			path = splash;
			sourceTree = "<group>";
		};
		30A0434214DC770100060A13 /* de.lproj */ = {
			isa = PBXGroup;
			children = (
				30A0434314DC770100060A13 /* Localizable.strings */,
			);
			path = de.lproj;
			sourceTree = "<group>";
		};
		30A0434514DC770100060A13 /* se.lproj */ = {
			isa = PBXGroup;
			children = (
				30A0434614DC770100060A13 /* Localizable.strings */,
			);
			path = se.lproj;
			sourceTree = "<group>";
		};
		3F0AB9C717227ED300C1B02F /* ios */ = {
			isa = PBXGroup;
			children = (
				3F0AB9FF172286EC00C1B02F /* facebook */,
				3F0AB9C817227F2000C1B02F /* FacebookConnectPlugin.h */,
				3F0AB9C917227F2000C1B02F /* FacebookConnectPlugin.m */,
			);
			name = ios;
			sourceTree = "<group>";
		};
		3F0AB9D51722853B00C1B02F /* DeprecatedHeaders */ = {
			isa = PBXGroup;
			children = (
				3F0AB9D61722853B00C1B02F /* Facebook.h */,
				3F0AB9D71722853B00C1B02F /* FacebookSDK.h */,
				3F0AB9D81722853B00C1B02F /* FBAccessTokenData.h */,
				3F0AB9D91722853B00C1B02F /* FBAppCall.h */,
				3F0AB9DA1722853B00C1B02F /* FBAppLinkData.h */,
				3F0AB9DB1722853B00C1B02F /* FBCacheDescriptor.h */,
				3F0AB9DC1722853B00C1B02F /* FBConnect.h */,
				3F0AB9DD1722853B00C1B02F /* FBDialog.h */,
				3F0AB9DE1722853B00C1B02F /* FBDialogs.h */,
				3F0AB9DF1722853B00C1B02F /* FBDialogsData.h */,
				3F0AB9E01722853B00C1B02F /* FBDialogsParams.h */,
				3F0AB9E11722853B00C1B02F /* FBError.h */,
				3F0AB9E21722853B00C1B02F /* FBErrorUtility.h */,
				3F0AB9E31722853B00C1B02F /* FBFrictionlessRecipientCache.h */,
				3F0AB9E41722853B00C1B02F /* FBFrictionlessRequestSettings.h */,
				3F0AB9E51722853B00C1B02F /* FBFriendPickerViewController.h */,
				3F0AB9E61722853B00C1B02F /* FBGraphLocation.h */,
				3F0AB9E71722853B00C1B02F /* FBGraphObject.h */,
				3F0AB9E81722853B00C1B02F /* FBGraphPlace.h */,
				3F0AB9E91722853B00C1B02F /* FBGraphUser.h */,
				3F0AB9EA1722853B00C1B02F /* FBInsights.h */,
				3F0AB9EB1722853B00C1B02F /* FBLoginDialog.h */,
				3F0AB9EC1722853B00C1B02F /* FBLoginView.h */,
				3F0AB9ED1722853B00C1B02F /* FBNativeDialogs.h */,
				3F0AB9EE1722853B00C1B02F /* FBOpenGraphAction.h */,
				3F0AB9EF1722853B00C1B02F /* FBOpenGraphActionShareDialogParams.h */,
				3F0AB9F01722853B00C1B02F /* FBOpenGraphObject.h */,
				3F0AB9F11722853B00C1B02F /* FBPlacePickerViewController.h */,
				3F0AB9F21722853B00C1B02F /* FBProfilePictureView.h */,
				3F0AB9F31722853B00C1B02F /* FBRequest.h */,
				3F0AB9F41722853B00C1B02F /* FBRequestConnection.h */,
				3F0AB9F51722853B00C1B02F /* FBSession.h */,
				3F0AB9F61722853B00C1B02F /* FBSessionManualTokenCachingStrategy.h */,
				3F0AB9F71722853B00C1B02F /* FBSessionTokenCachingStrategy.h */,
				3F0AB9F81722853B00C1B02F /* FBSettings.h */,
				3F0AB9F91722853B00C1B02F /* FBShareDialogParams.h */,
				3F0AB9FA1722853B00C1B02F /* FBTestSession.h */,
				3F0AB9FB1722853B00C1B02F /* FBUserSettingsViewController.h */,
				3F0AB9FC1722853B00C1B02F /* FBViewController.h */,
				3F0AB9FD1722853B00C1B02F /* FBWebDialogs.h */,
				3F0AB9FE1722853B00C1B02F /* NSError+FBError.h */,
			);
			path = DeprecatedHeaders;
			sourceTree = "<group>";
		};
		3F0AB9FF172286EC00C1B02F /* facebook */ = {
			isa = PBXGroup;
			children = (
				3F0ABA00172286EC00C1B02F /* Facebook.h */,
				3F0ABA01172286EC00C1B02F /* Facebook.m */,
				3F0ABA02172286EC00C1B02F /* FacebookSDK.h */,
				3F0ABA03172286EC00C1B02F /* FBCacheDescriptor.h */,
				3F0ABA04172286EC00C1B02F /* FBCacheDescriptor.m */,
				3F0ABA05172286EC00C1B02F /* FBCacheIndex.h */,
				3F0ABA06172286EC00C1B02F /* FBCacheIndex.m */,
				3F0ABA07172286EC00C1B02F /* FBConnect.h */,
				3F0ABA08172286EC00C1B02F /* FBContentLink.h */,
				3F0ABA09172286EC00C1B02F /* FBContentLink.m */,
				3F0ABA0A172286EC00C1B02F /* FBDataDiskCache.h */,
				3F0ABA0B172286EC00C1B02F /* FBDataDiskCache.m */,
				3F0ABA0C172286EC00C1B02F /* FBDialog.h */,
				3F0ABA0D172286EC00C1B02F /* FBDialog.m */,
				3F0ABA0E172286EC00C1B02F /* FBError.h */,
				3F0ABA0F172286EC00C1B02F /* FBError.m */,
				3F0ABA10172286EC00C1B02F /* FBFrictionlessRequestSettings.h */,
				3F0ABA11172286EC00C1B02F /* FBFrictionlessRequestSettings.m */,
				3F0ABA12172286EC00C1B02F /* FBFriendPickerCacheDescriptor.h */,
				3F0ABA13172286EC00C1B02F /* FBFriendPickerCacheDescriptor.m */,
				3F0ABA14172286EC00C1B02F /* FBFriendPickerViewController+Internal.h */,
				3F0ABA15172286EC00C1B02F /* FBFriendPickerViewController.h */,
				3F0ABA16172286EC00C1B02F /* FBFriendPickerViewController.m */,
				3F0ABA17172286EC00C1B02F /* FBGraphLocation.h */,
				3F0ABA18172286EC00C1B02F /* FBGraphObject.h */,
				3F0ABA19172286EC00C1B02F /* FBGraphObject.m */,
				3F0ABA1A172286EC00C1B02F /* FBGraphObjectPagingLoader.h */,
				3F0ABA1B172286EC00C1B02F /* FBGraphObjectPagingLoader.m */,
				3F0ABA1C172286EC00C1B02F /* FBGraphObjectTableCell.h */,
				3F0ABA1D172286EC00C1B02F /* FBGraphObjectTableCell.m */,
				3F0ABA1E172286EC00C1B02F /* FBGraphObjectTableDataSource.h */,
				3F0ABA1F172286EC00C1B02F /* FBGraphObjectTableDataSource.m */,
				3F0ABA20172286EC00C1B02F /* FBGraphObjectTableSelection.h */,
				3F0ABA21172286EC00C1B02F /* FBGraphObjectTableSelection.m */,
				3F0ABA22172286EC00C1B02F /* FBGraphPlace.h */,
				3F0ABA23172286EC00C1B02F /* FBGraphUser.h */,
				3F0ABA24172286EC00C1B02F /* FBLogger.h */,
				3F0ABA25172286EC00C1B02F /* FBLogger.m */,
				3F0ABA26172286EC00C1B02F /* FBLoginDialog.h */,
				3F0ABA27172286EC00C1B02F /* FBLoginDialog.m */,
				3F0ABA28172286EC00C1B02F /* FBLoginView.h */,
				3F0ABA29172286EC00C1B02F /* FBLoginView.m */,
				3F0ABA2A172286EC00C1B02F /* FBNativeDialogs.h */,
				3F0ABA2B172286EC00C1B02F /* FBNativeDialogs.m */,
				3F0ABA2C172286EC00C1B02F /* FBOpenGraphAction.h */,
				3F0ABA2D172286EC00C1B02F /* FBPlacePickerCacheDescriptor.h */,
				3F0ABA2E172286EC00C1B02F /* FBPlacePickerCacheDescriptor.m */,
				3F0ABA2F172286EC00C1B02F /* FBPlacePickerViewController+Internal.h */,
				3F0ABA30172286EC00C1B02F /* FBPlacePickerViewController.h */,
				3F0ABA31172286EC00C1B02F /* FBPlacePickerViewController.m */,
				3F0ABA32172286EC00C1B02F /* FBProfilePictureView.h */,
				3F0ABA33172286EC00C1B02F /* FBProfilePictureView.m */,
				3F0ABA34172286EC00C1B02F /* FBRequest.h */,
				3F0ABA35172286EC00C1B02F /* FBRequest.m */,
				3F0ABA36172286EC00C1B02F /* FBRequestBody.h */,
				3F0ABA37172286EC00C1B02F /* FBRequestBody.m */,
				3F0ABA38172286EC00C1B02F /* FBRequestConnection+Internal.h */,
				3F0ABA39172286EC00C1B02F /* FBRequestConnection.h */,
				3F0ABA3A172286EC00C1B02F /* FBRequestConnection.m */,
				3F0ABA3B172286EC00C1B02F /* FBSDKVersion.h */,
				3F0ABA3C172286EC00C1B02F /* FBSession+Internal.h */,
				3F0ABA3D172286EC00C1B02F /* FBSession+Protected.h */,
				3F0ABA3E172286EC00C1B02F /* FBSession.h */,
				3F0ABA3F172286EC00C1B02F /* FBSession.m */,
				3F0ABA40172286EC00C1B02F /* FBSessionManualTokenCachingStrategy.h */,
				3F0ABA41172286EC00C1B02F /* FBSessionManualTokenCachingStrategy.m */,
				3F0ABA42172286EC00C1B02F /* FBSessionTokenCachingStrategy.h */,
				3F0ABA43172286EC00C1B02F /* FBSessionTokenCachingStrategy.m */,
				3F0ABA44172286EC00C1B02F /* FBSettings+Internal.h */,
				3F0ABA45172286EC00C1B02F /* FBSettings.h */,
				3F0ABA46172286EC00C1B02F /* FBSettings.m */,
				3F0ABA47172286EC00C1B02F /* FBTestSession+Internal.h */,
				3F0ABA48172286EC00C1B02F /* FBTestSession.h */,
				3F0ABA49172286EC00C1B02F /* FBTestSession.m */,
				3F0ABA4A172286ED00C1B02F /* FBURLConnection.h */,
				3F0ABA4B172286ED00C1B02F /* FBURLConnection.m */,
				3F0ABA4C172286ED00C1B02F /* FBUserSettingsViewController.h */,
				3F0ABA4D172286ED00C1B02F /* FBUserSettingsViewController.m */,
				3F0ABA4E172286ED00C1B02F /* FBUtility.h */,
				3F0ABA4F172286ED00C1B02F /* FBUtility.m */,
				3F0ABA50172286ED00C1B02F /* FBViewController+Internal.h */,
				3F0ABA51172286ED00C1B02F /* FBViewController.h */,
				3F0ABA52172286ED00C1B02F /* FBViewController.m */,
				3F0ABA53172286ED00C1B02F /* JSON */,
				3F0ABA5C172286ED00C1B02F /* resources */,
			);
			path = facebook;
			sourceTree = "<group>";
		};
		3F0ABA53172286ED00C1B02F /* JSON */ = {
			isa = PBXGroup;
			children = (
				3F0ABA54172286ED00C1B02F /* FBSBJSON.h */,
				3F0ABA55172286ED00C1B02F /* FBSBJSON.m */,
				3F0ABA56172286ED00C1B02F /* FBSBJsonBase.h */,
				3F0ABA57172286ED00C1B02F /* FBSBJsonBase.m */,
				3F0ABA58172286ED00C1B02F /* FBSBJsonParser.h */,
				3F0ABA59172286ED00C1B02F /* FBSBJsonParser.m */,
				3F0ABA5A172286ED00C1B02F /* FBSBJsonWriter.h */,
				3F0ABA5B172286ED00C1B02F /* FBSBJsonWriter.m */,
			);
			path = JSON;
			sourceTree = "<group>";
		};
		3F0ABA5C172286ED00C1B02F /* resources */ = {
			isa = PBXGroup;
			children = (
				3F0ABA5D172286ED00C1B02F /* FacebookSDKResources.bundle */,
				3F0ABA5E172286ED00C1B02F /* FBUserSettingsViewResources.bundle */,
			);
			path = resources;
			sourceTree = "<group>";
		};
/* End PBXGroup section */

/* Begin PBXNativeTarget section */
		1D6058900D05DD3D006BFB54 /* semanticweb */ = {
			isa = PBXNativeTarget;
			buildConfigurationList = 1D6058960D05DD3E006BFB54 /* Build configuration list for PBXNativeTarget "semanticweb" */;
			buildPhases = (
				304B58A110DAC018002A0835 /* Copy www directory */,
				1D60588D0D05DD3D006BFB54 /* Resources */,
				1D60588E0D05DD3D006BFB54 /* Sources */,
				1D60588F0D05DD3D006BFB54 /* Frameworks */,
			);
			buildRules = (
			);
			dependencies = (
				301BF551109A68C00062928A /* PBXTargetDependency */,
			);
			name = semanticweb;
			productName = semanticweb;
			productReference = 1D6058910D05DD3D006BFB54 /* semanticweb.app */;
			productType = "com.apple.product-type.application";
		};
/* End PBXNativeTarget section */

/* Begin PBXProject section */
		29B97313FDCFA39411CA2CEA /* Project object */ = {
			isa = PBXProject;
			attributes = {
				LastUpgradeCheck = 0460;
			};
			buildConfigurationList = C01FCF4E08A954540054247B /* Build configuration list for PBXProject "semanticweb" */;
			compatibilityVersion = "Xcode 3.2";
			developmentRegion = English;
			hasScannedForEncodings = 1;
			knownRegions = (
				English,
				Japanese,
				French,
				German,
				en,
				es,
				de,
				se,
			);
			mainGroup = 29B97314FDCFA39411CA2CEA /* CustomTemplate */;
			projectDirPath = "";
			projectReferences = (
				{
					ProductGroup = 301BF52E109A57CC0062928A /* Products */;
					ProjectRef = 301BF52D109A57CC0062928A /* CordovaLib.xcodeproj */;
				},
			);
			projectRoot = "";
			targets = (
				1D6058900D05DD3D006BFB54 /* semanticweb */,
			);
		};
/* End PBXProject section */

/* Begin PBXReferenceProxy section */
		301BF535109A57CC0062928A /* libCordova.a */ = {
			isa = PBXReferenceProxy;
			fileType = archive.ar;
			path = libCordova.a;
			remoteRef = 301BF534109A57CC0062928A /* PBXContainerItemProxy */;
			sourceTree = BUILT_PRODUCTS_DIR;
		};
/* End PBXReferenceProxy section */

/* Begin PBXResourcesBuildPhase section */
		1D60588D0D05DD3D006BFB54 /* Resources */ = {
			isa = PBXResourcesBuildPhase;
			buildActionMask = 2147483647;
			files = (
				F840E1F1165FE0F500CFE078 /* config.xml in Resources */,
				308D05371370CCF300D202BF /* icon-72.png in Resources */,
				308D05381370CCF300D202BF /* icon.png in Resources */,
				308D05391370CCF300D202BF /* icon@2x.png in Resources */,
				3072F99713A8081B00425683 /* Capture.bundle in Resources */,
				1F766FE113BBADB100FB74C0 /* Localizable.strings in Resources */,
				1F766FE213BBADB100FB74C0 /* Localizable.strings in Resources */,
				302D95F214D2391D003F00A1 /* MainViewController.xib in Resources */,
				30A0434814DC770100060A13 /* Localizable.strings in Resources */,
				30A0434914DC770100060A13 /* Localizable.strings in Resources */,
				3088BBBD154F3926009F9C59 /* Default-Landscape@2x~ipad.png in Resources */,
				3088BBBE154F3926009F9C59 /* Default-Landscape~ipad.png in Resources */,
				3088BBBF154F3926009F9C59 /* Default-Portrait@2x~ipad.png in Resources */,
				3088BBC0154F3926009F9C59 /* Default-Portrait~ipad.png in Resources */,
				3088BBC1154F3926009F9C59 /* Default@2x~iphone.png in Resources */,
				3088BBC2154F3926009F9C59 /* Default~iphone.png in Resources */,
				D4A0D8761607E02300AEF8BB /* Default-568h@2x~iphone.png in Resources */,
				30FC414916E50CA1004E6F35 /* icon-72@2x.png in Resources */,
				3F0AB99617227DA400C1B02F /* FacebookSDKResources.bundle in Resources */,
				3F0ABA85172286ED00C1B02F /* FacebookSDKResources.bundle in Resources */,
				3F0ABA86172286ED00C1B02F /* FBUserSettingsViewResources.bundle in Resources */,
			);
			runOnlyForDeploymentPostprocessing = 0;
		};
/* End PBXResourcesBuildPhase section */

/* Begin PBXShellScriptBuildPhase section */
		304B58A110DAC018002A0835 /* Copy www directory */ = {
			isa = PBXShellScriptBuildPhase;
			buildActionMask = 2147483647;
			files = (
			);
			inputPaths = (
			);
			name = "Copy www directory";
			outputPaths = (
			);
			runOnlyForDeploymentPostprocessing = 0;
			shellPath = /bin/sh;
			shellScript = "SRC_DIR=\"www\"\nDST_DIR=\"$BUILT_PRODUCTS_DIR/$FULL_PRODUCT_NAME/www\"\nCOPY_HIDDEN=\nORIG_IFS=$IFS\nIFS=$(echo -en \"\\n\\b\")\n\nif [[ ! -e \"$SRC_DIR\" ]]; then\n  echo \"Path does not exist: $SRC_DIR\"\n  exit 1\nfi\n\nif [[ -n $COPY_HIDDEN ]]; then\n  alias do_find='find \"$SRC_DIR\"'\nelse\n  alias do_find='find \"$SRC_DIR\" -name \".*\" -prune -o'\nfi\n\ntime (\n# Code signing files must be removed or else there are\n# resource signing errors.\nrm -rf \"$DST_DIR\" \\\n       \"$BUILT_PRODUCTS_DIR/$FULL_PRODUCT_NAME/_CodeSignature\" \\\n       \"$BUILT_PRODUCTS_DIR/$FULL_PRODUCT_NAME/PkgInfo\" \\\n       \"$BUILT_PRODUCTS_DIR/$FULL_PRODUCT_NAME/embedded.mobileprovision\"\n\n# Directories\nfor p in $(do_find -type d -print); do\n  subpath=\"${p#$SRC_DIR}\"\n  mkdir \"$DST_DIR$subpath\" || exit 1\ndone\n\n# Symlinks\nfor p in $(do_find -type l -print); do\n  subpath=\"${p#$SRC_DIR}\"\n  rsync -a \"$SRC_DIR$subpath\" \"$DST_DIR$subpath\" || exit 2\ndone\n\n# Files\nfor p in $(do_find -type f -print); do\n  subpath=\"${p#$SRC_DIR}\"\n  if ! ln \"$SRC_DIR$subpath\" \"$DST_DIR$subpath\" 2>/dev/null; then\n    rsync -a \"$SRC_DIR$subpath\" \"$DST_DIR$subpath\" || exit 3\n  fi\ndone\n\n)\nIFS=$ORIG_IFS";
		};
/* End PBXShellScriptBuildPhase section */

/* Begin PBXSourcesBuildPhase section */
		1D60588E0D05DD3D006BFB54 /* Sources */ = {
			isa = PBXSourcesBuildPhase;
			buildActionMask = 2147483647;
			files = (
				3F0AB9CA17227F2000C1B02F /* FacebookConnectPlugin.m in Sources */,
				3F0ABA9017228B9700C1B02F /* FacebookConnectPlugin.h in Sources */,
				1D60589B0D05DD56006BFB54 /* main.m in Sources */,
				1D3623260D0F684500981E51 /* AppDelegate.m in Sources */,
				302D95F114D2391D003F00A1 /* MainViewController.m in Sources */,
				3F0ABA5F172286ED00C1B02F /* Facebook.m in Sources */,
				3F0ABA60172286ED00C1B02F /* FBCacheDescriptor.m in Sources */,
				3F0ABA61172286ED00C1B02F /* FBCacheIndex.m in Sources */,
				3F0ABA62172286ED00C1B02F /* FBContentLink.m in Sources */,
				3F0ABA63172286ED00C1B02F /* FBDataDiskCache.m in Sources */,
				3F0ABA64172286ED00C1B02F /* FBDialog.m in Sources */,
				3F0ABA65172286ED00C1B02F /* FBError.m in Sources */,
				3F0ABA66172286ED00C1B02F /* FBFrictionlessRequestSettings.m in Sources */,
				3F0ABA67172286ED00C1B02F /* FBFriendPickerCacheDescriptor.m in Sources */,
				3F0ABA68172286ED00C1B02F /* FBFriendPickerViewController.m in Sources */,
				3F0ABA69172286ED00C1B02F /* FBGraphObject.m in Sources */,
				3F0ABA6A172286ED00C1B02F /* FBGraphObjectPagingLoader.m in Sources */,
				3F0ABA6B172286ED00C1B02F /* FBGraphObjectTableCell.m in Sources */,
				3F0ABA6C172286ED00C1B02F /* FBGraphObjectTableDataSource.m in Sources */,
				3F0ABA6D172286ED00C1B02F /* FBGraphObjectTableSelection.m in Sources */,
				3F0ABA6E172286ED00C1B02F /* FBLogger.m in Sources */,
				3F0ABA6F172286ED00C1B02F /* FBLoginDialog.m in Sources */,
				3F0ABA70172286ED00C1B02F /* FBLoginView.m in Sources */,
				3F0ABA71172286ED00C1B02F /* FBNativeDialogs.m in Sources */,
				3F0ABA72172286ED00C1B02F /* FBPlacePickerCacheDescriptor.m in Sources */,
				3F0ABA73172286ED00C1B02F /* FBPlacePickerViewController.m in Sources */,
				3F0ABA74172286ED00C1B02F /* FBProfilePictureView.m in Sources */,
				3F0ABA75172286ED00C1B02F /* FBRequest.m in Sources */,
				3F0ABA76172286ED00C1B02F /* FBRequestBody.m in Sources */,
				3F0ABA77172286ED00C1B02F /* FBRequestConnection.m in Sources */,
				3F0ABA78172286ED00C1B02F /* FBSession.m in Sources */,
				3F0ABA79172286ED00C1B02F /* FBSessionManualTokenCachingStrategy.m in Sources */,
				3F0ABA7A172286ED00C1B02F /* FBSessionTokenCachingStrategy.m in Sources */,
				3F0ABA7B172286ED00C1B02F /* FBSettings.m in Sources */,
				3F0ABA7C172286ED00C1B02F /* FBTestSession.m in Sources */,
				3F0ABA7D172286ED00C1B02F /* FBURLConnection.m in Sources */,
				3F0ABA7E172286ED00C1B02F /* FBUserSettingsViewController.m in Sources */,
				3F0ABA7F172286ED00C1B02F /* FBUtility.m in Sources */,
				3F0ABA80172286ED00C1B02F /* FBViewController.m in Sources */,
				3F0ABA81172286ED00C1B02F /* FBSBJSON.m in Sources */,
				3F0ABA82172286ED00C1B02F /* FBSBJsonBase.m in Sources */,
				3F0ABA83172286ED00C1B02F /* FBSBJsonParser.m in Sources */,
				3F0ABA84172286ED00C1B02F /* FBSBJsonWriter.m in Sources */,
			);
			runOnlyForDeploymentPostprocessing = 0;
		};
/* End PBXSourcesBuildPhase section */

/* Begin PBXTargetDependency section */
		301BF551109A68C00062928A /* PBXTargetDependency */ = {
			isa = PBXTargetDependency;
			name = CordovaLib;
			targetProxy = 301BF550109A68C00062928A /* PBXContainerItemProxy */;
		};
/* End PBXTargetDependency section */

/* Begin PBXVariantGroup section */
		1F766FDC13BBADB100FB74C0 /* Localizable.strings */ = {
			isa = PBXVariantGroup;
			children = (
				1F766FDD13BBADB100FB74C0 /* en */,
			);
			name = Localizable.strings;
			sourceTree = "<group>";
		};
		1F766FDF13BBADB100FB74C0 /* Localizable.strings */ = {
			isa = PBXVariantGroup;
			children = (
				1F766FE013BBADB100FB74C0 /* es */,
			);
			name = Localizable.strings;
			sourceTree = "<group>";
		};
		30A0434314DC770100060A13 /* Localizable.strings */ = {
			isa = PBXVariantGroup;
			children = (
				30A0434414DC770100060A13 /* de */,
			);
			name = Localizable.strings;
			sourceTree = "<group>";
		};
		30A0434614DC770100060A13 /* Localizable.strings */ = {
			isa = PBXVariantGroup;
			children = (
				30A0434714DC770100060A13 /* se */,
			);
			name = Localizable.strings;
			sourceTree = "<group>";
		};
/* End PBXVariantGroup section */

/* Begin XCBuildConfiguration section */
		1D6058940D05DD3E006BFB54 /* Debug */ = {
			isa = XCBuildConfiguration;
			buildSettings = {
				ALWAYS_SEARCH_USER_PATHS = NO;
				CLANG_ENABLE_OBJC_ARC = NO;
				CODE_SIGN_IDENTITY = "";
				"CODE_SIGN_IDENTITY[sdk=iphoneos*]" = "";
				COPY_PHASE_STRIP = NO;
				FRAMEWORK_SEARCH_PATHS = (
					"$(inherited)",
					"\"$(SRCROOT)\"",
					"\"$(SRCROOT)/../../../Documents/FacebookSDK\"",
				);
				GCC_DYNAMIC_NO_PIC = NO;
				GCC_OPTIMIZATION_LEVEL = 0;
				GCC_PRECOMPILE_PREFIX_HEADER = YES;
				GCC_PREFIX_HEADER = "semanticweb/semanticweb-Prefix.pch";
				GCC_THUMB_SUPPORT = NO;
				GCC_VERSION = com.apple.compilers.llvm.clang.1_0;
				INFOPLIST_FILE = "semanticweb/semanticweb-Info.plist";
				IPHONEOS_DEPLOYMENT_TARGET = 5.0;
				OTHER_LDFLAGS = (
					"-weak_framework",
					CoreFoundation,
					"-weak_framework",
					UIKit,
					"-weak_framework",
					AVFoundation,
					"-weak_framework",
					CoreMedia,
					"-weak-lSystem",
					"-all_load",
					"-Obj-C",
				);
				PRODUCT_NAME = semanticweb;
				TARGETED_DEVICE_FAMILY = 1;
				"VALID_ARCHS[sdk=iphonesimulator6.1]" = "armv7 armv7s";
			};
			name = Debug;
		};
		1D6058950D05DD3E006BFB54 /* Release */ = {
			isa = XCBuildConfiguration;
			buildSettings = {
				ALWAYS_SEARCH_USER_PATHS = NO;
				CLANG_ENABLE_OBJC_ARC = NO;
				CODE_SIGN_IDENTITY = "";
				"CODE_SIGN_IDENTITY[sdk=iphoneos*]" = "";
				COPY_PHASE_STRIP = YES;
				FRAMEWORK_SEARCH_PATHS = (
					"$(inherited)",
					"\"$(SRCROOT)\"",
					"\"$(SRCROOT)/../../../Documents/FacebookSDK\"",
				);
				GCC_PRECOMPILE_PREFIX_HEADER = YES;
				GCC_PREFIX_HEADER = "semanticweb/semanticweb-Prefix.pch";
				GCC_THUMB_SUPPORT = NO;
				GCC_VERSION = com.apple.compilers.llvm.clang.1_0;
				INFOPLIST_FILE = "semanticweb/semanticweb-Info.plist";
				IPHONEOS_DEPLOYMENT_TARGET = 5.0;
				OTHER_LDFLAGS = (
					"-weak_framework",
					CoreFoundation,
					"-weak_framework",
					UIKit,
					"-weak_framework",
					AVFoundation,
					"-weak_framework",
					CoreMedia,
					"-weak-lSystem",
					"-all_load",
					"-Obj-C",
				);
				PRODUCT_NAME = semanticweb;
				TARGETED_DEVICE_FAMILY = 1;
				"VALID_ARCHS[sdk=iphonesimulator6.1]" = "armv7 armv7s";
			};
			name = Release;
		};
		C01FCF4F08A954540054247B /* Debug */ = {
			isa = XCBuildConfiguration;
			buildSettings = {
				ARCHS = "$(ARCHS_STANDARD_32_BIT)";
				CLANG_WARN_CONSTANT_CONVERSION = YES;
				CLANG_WARN_ENUM_CONVERSION = YES;
				CLANG_WARN_INT_CONVERSION = YES;
				CLANG_WARN__DUPLICATE_METHOD_MATCH = YES;
				"CODE_SIGN_IDENTITY[sdk=iphoneos*]" = "iPhone Developer";
				GCC_C_LANGUAGE_STANDARD = c99;
				GCC_THUMB_SUPPORT = NO;
				GCC_VERSION = com.apple.compilers.llvm.clang.1_0;
				GCC_WARN_ABOUT_RETURN_TYPE = YES;
				GCC_WARN_UNINITIALIZED_AUTOS = YES;
				GCC_WARN_UNUSED_VARIABLE = YES;
				HEADER_SEARCH_PATHS = (
					"\"$(TARGET_BUILD_DIR)/usr/local/lib/include\"",
					"\"$(OBJROOT)/UninstalledProducts/include\"",
					"\"$(BUILT_PRODUCTS_DIR)\"",
				);
				IPHONEOS_DEPLOYMENT_TARGET = 5.0;
				OTHER_LDFLAGS = (
					"-weak_framework",
					CoreFoundation,
					"-weak_framework",
					UIKit,
					"-weak_framework",
					AVFoundation,
					"-weak_framework",
					CoreMedia,
					"-weak-lSystem",
					"-all_load",
					"-Obj-C",
				);
				SDKROOT = iphoneos;
				SKIP_INSTALL = NO;
				USER_HEADER_SEARCH_PATHS = "";
			};
			name = Debug;
		};
		C01FCF5008A954540054247B /* Release */ = {
			isa = XCBuildConfiguration;
			buildSettings = {
				ARCHS = "$(ARCHS_STANDARD_32_BIT)";
				CLANG_WARN_CONSTANT_CONVERSION = YES;
				CLANG_WARN_ENUM_CONVERSION = YES;
				CLANG_WARN_INT_CONVERSION = YES;
				CLANG_WARN__DUPLICATE_METHOD_MATCH = YES;
				"CODE_SIGN_IDENTITY[sdk=iphoneos*]" = "iPhone Developer";
				GCC_C_LANGUAGE_STANDARD = c99;
				GCC_THUMB_SUPPORT = NO;
				GCC_VERSION = com.apple.compilers.llvm.clang.1_0;
				GCC_WARN_ABOUT_RETURN_TYPE = YES;
				GCC_WARN_UNINITIALIZED_AUTOS = YES;
				GCC_WARN_UNUSED_VARIABLE = YES;
				HEADER_SEARCH_PATHS = (
					"\"$(TARGET_BUILD_DIR)/usr/local/lib/include\"",
					"\"$(OBJROOT)/UninstalledProducts/include\"",
					"\"$(BUILT_PRODUCTS_DIR)\"",
				);
				IPHONEOS_DEPLOYMENT_TARGET = 5.0;
				OTHER_LDFLAGS = (
					"-weak_framework",
					CoreFoundation,
					"-weak_framework",
					UIKit,
					"-weak_framework",
					AVFoundation,
					"-weak_framework",
					CoreMedia,
					"-weak-lSystem",
					"-all_load",
					"-Obj-C",
				);
				SDKROOT = iphoneos;
				SKIP_INSTALL = NO;
				USER_HEADER_SEARCH_PATHS = "";
			};
			name = Release;
		};
/* End XCBuildConfiguration section */

/* Begin XCConfigurationList section */
		1D6058960D05DD3E006BFB54 /* Build configuration list for PBXNativeTarget "semanticweb" */ = {
			isa = XCConfigurationList;
			buildConfigurations = (
				1D6058940D05DD3E006BFB54 /* Debug */,
				1D6058950D05DD3E006BFB54 /* Release */,
			);
			defaultConfigurationIsVisible = 0;
			defaultConfigurationName = Release;
		};
		C01FCF4E08A954540054247B /* Build configuration list for PBXProject "semanticweb" */ = {
			isa = XCConfigurationList;
			buildConfigurations = (
				C01FCF4F08A954540054247B /* Debug */,
				C01FCF5008A954540054247B /* Release */,
			);
			defaultConfigurationIsVisible = 0;
			defaultConfigurationName = Release;
		};
/* End XCConfigurationList section */
	};
	rootObject = 29B97313FDCFA39411CA2CEA /* Project object */;
}
